Microsoft Visual Studio Solution File, Format Version 12.00
# Visual Studio 15
VisualStudioVersion = 15.0.26430.14
MinimumVisualStudioVersion = 10.0.40219.1
Project("{9A19103F-16F7-4668-BE54-9A1E7A4F7556}") = "Meta.Core.Basement", "Meta.Core.Basement\Meta.Core.Basement.csproj", "{E532F695-4851-4F87-B29C-309582E1C463}"
EndProject
Project("{9A19103F-16F7-4668-BE54-9A1E7A4F7556}") = "Meta.Core.Dynamics", "Meta.Core.Dynamics\Meta.Core.Dynamics.csproj", "{7F9803A1-9CD4-4759-9638-55E486A3A95C}"
EndProject
Project("{9A19103F-16F7-4668-BE54-9A1E7A4F7556}") = "Meta.Core.Collections", "Meta.Core.Collections\Meta.Core.Collections.csproj", "{CFBCA5DE-90A3-4EB6-A911-9D251F4B730D}"
EndProject
Project("{9A19103F-16F7-4668-BE54-9A1E7A4F7556}") = "Meta.Core.Etude", "Meta.Core.Etude\Meta.Core.Etude.csproj", "{27DC10BF-E98A-451A-B7CB-CAF8A7B1C975}"
EndProject
Project("{9A19103F-16F7-4668-BE54-9A1E7A4F7556}") = "Meta.Core.Floor", "Meta.Core.Floor\Meta.Core.Floor.csproj", "{1B305AC2-7FD2-4D24-92D3-A6A21BE557E7}"
EndProject
Project("{9A19103F-16F7-4668-BE54-9A1E7A4F7556}") = "Meta.Core.Substructure", "Meta.Core.Substructure\Meta.Core.Substructure.csproj", "{E587064D-ECE6-4713-BD4D-D8EB53314271}"
EndProject
Project("{9A19103F-16F7-4668-BE54-9A1E7A4F7556}") = "Meta.Core.Testing", "Meta.Core.Testing\Meta.Core.Testing.csproj", "{5442CCD9-F31E-431C-BE02-3335EB675A0C}"
EndProject
Project("{9A19103F-16F7-4668-BE54-9A1E7A4F7556}") = "Meta.Core.Etude.Tests", "Meta.Core.Etude.Tests\Meta.Core.Etude.Tests.csproj", "{223A10A8-3E58-4895-AF92-2CB5D2D04073}"
EndProject
Project("{9A19103F-16F7-4668-BE54-9A1E7A4F7556}") = "Meta.Core.Floor.Tests", "Meta.Core.Floor.Tests\Meta.Core.Floor.Tests.csproj", "{2B278688-4B1C-4416-B62C-51BA9E087064}"
EndProject
Project("{9A19103F-16F7-4668-BE54-9A1E7A4F7556}") = "Meta.Core.Synthetics", "Meta.Core.Synthetics\Meta.Core.Synthetics.csproj", "{61B6783E-4773-464E-8903-AC156A1BB6CE}"
EndProject
Project("{2150E333-8FDC-42A3-9474-1A3956D46DE8}") = "L00", "L00", "{6D748DCD-5269-4862-AFB4-930A487FE834}"
EndProject
Project("{2150E333-8FDC-42A3-9474-1A3956D46DE8}") = "L05", "L05", "{BC5A3E34-D12B-4BE5-BBBB-DE247EAC6CFF}"
EndProject
Project("{2150E333-8FDC-42A3-9474-1A3956D46DE8}") = "L10", "L10", "{2FB3FAC5-BBC9-4DE5-829C-C4050463D4B9}"
EndProject
Project("{2150E333-8FDC-42A3-9474-1A3956D46DE8}") = "L15", "L15", "{1D13C530-6DDA-40C7-9C7A-38E9CDB5FD00}"
EndProject
Project("{2150E333-8FDC-42A3-9474-1A3956D46DE8}") = "L20", "L20", "{365CA0A2-40A9-43BA-88A5-5368B3F48536}"
EndProject
Project("{9A19103F-16F7-4668-BE54-9A1E7A4F7556}") = "Meta.Core.Json.Tests", "Meta.Core.Json.Tests\Meta.Core.Json.Tests.csproj", "{9E1E76DB-2742-4B3C-92E6-5F27A13EEBC8}"
EndProject
Project("{9A19103F-16F7-4668-BE54-9A1E7A4F7556}") = "Meta.Core.Json", "Meta.Core.Json\Meta.Core.Json.csproj", "{59891206-89AF-4987-AF0B-20EE77FD6A56}"
EndProject
Project("{2150E333-8FDC-42A3-9474-1A3956D46DE8}") = "L17", "L17", "{3C3D38B5-B9F8-470F-8866-8D0510677D34}"
EndProject
Global
	GlobalSection(SolutionConfigurationPlatforms) = preSolution
		Debug|Any CPU = Debug|Any CPU
		Release|Any CPU = Release|Any CPU
	EndGlobalSection
	GlobalSection(ProjectConfigurationPlatforms) = postSolution
		{E532F695-4851-4F87-B29C-309582E1C463}.Debug|Any CPU.ActiveCfg = Debug|Any CPU
		{E532F695-4851-4F87-B29C-309582E1C463}.Debug|Any CPU.Build.0 = Debug|Any CPU
		{E532F695-4851-4F87-B29C-309582E1C463}.Release|Any CPU.ActiveCfg = Release|Any CPU
		{E532F695-4851-4F87-B29C-309582E1C463}.Release|Any CPU.Build.0 = Release|Any CPU
		{7F9803A1-9CD4-4759-9638-55E486A3A95C}.Debug|Any CPU.ActiveCfg = Debug|Any CPU
		{7F9803A1-9CD4-4759-9638-55E486A3A95C}.Debug|Any CPU.Build.0 = Debug|Any CPU
		{7F9803A1-9CD4-4759-9638-55E486A3A95C}.Release|Any CPU.ActiveCfg = Release|Any CPU
		{7F9803A1-9CD4-4759-9638-55E486A3A95C}.Release|Any CPU.Build.0 = Release|Any CPU
		{CFBCA5DE-90A3-4EB6-A911-9D251F4B730D}.Debug|Any CPU.ActiveCfg = Debug|Any CPU
		{CFBCA5DE-90A3-4EB6-A911-9D251F4B730D}.Debug|Any CPU.Build.0 = Debug|Any CPU
		{CFBCA5DE-90A3-4EB6-A911-9D251F4B730D}.Release|Any CPU.ActiveCfg = Release|Any CPU
		{CFBCA5DE-90A3-4EB6-A911-9D251F4B730D}.Release|Any CPU.Build.0 = Release|Any CPU
		{27DC10BF-E98A-451A-B7CB-CAF8A7B1C975}.Debug|Any CPU.ActiveCfg = Debug|Any CPU
		{27DC10BF-E98A-451A-B7CB-CAF8A7B1C975}.Debug|Any CPU.Build.0 = Debug|Any CPU
		{27DC10BF-E98A-451A-B7CB-CAF8A7B1C975}.Release|Any CPU.ActiveCfg = Release|Any CPU
		{27DC10BF-E98A-451A-B7CB-CAF8A7B1C975}.Release|Any CPU.Build.0 = Release|Any CPU
		{1B305AC2-7FD2-4D24-92D3-A6A21BE557E7}.Debug|Any CPU.ActiveCfg = Debug|Any CPU
		{1B305AC2-7FD2-4D24-92D3-A6A21BE557E7}.Debug|Any CPU.Build.0 = Debug|Any CPU
		{1B305AC2-7FD2-4D24-92D3-A6A21BE557E7}.Release|Any CPU.ActiveCfg = Release|Any CPU
		{1B305AC2-7FD2-4D24-92D3-A6A21BE557E7}.Release|Any CPU.Build.0 = Release|Any CPU
		{E587064D-ECE6-4713-BD4D-D8EB53314271}.Debug|Any CPU.ActiveCfg = Debug|Any CPU
		{E587064D-ECE6-4713-BD4D-D8EB53314271}.Debug|Any CPU.Build.0 = Debug|Any CPU
		{E587064D-ECE6-4713-BD4D-D8EB53314271}.Release|Any CPU.ActiveCfg = Release|Any CPU
		{E587064D-ECE6-4713-BD4D-D8EB53314271}.Release|Any CPU.Build.0 = Release|Any CPU
		{5442CCD9-F31E-431C-BE02-3335EB675A0C}.Debug|Any CPU.ActiveCfg = Debug|Any CPU
		{5442CCD9-F31E-431C-BE02-3335EB675A0C}.Debug|Any CPU.Build.0 = Debug|Any CPU
		{5442CCD9-F31E-431C-BE02-3335EB675A0C}.Release|Any CPU.ActiveCfg = Release|Any CPU
		{5442CCD9-F31E-431C-BE02-3335EB675A0C}.Release|Any CPU.Build.0 = Release|Any CPU
		{223A10A8-3E58-4895-AF92-2CB5D2D04073}.Debug|Any CPU.ActiveCfg = Debug|Any CPU
		{223A10A8-3E58-4895-AF92-2CB5D2D04073}.Debug|Any CPU.Build.0 = Debug|Any CPU
		{223A10A8-3E58-4895-AF92-2CB5D2D04073}.Release|Any CPU.ActiveCfg = Release|Any CPU
		{223A10A8-3E58-4895-AF92-2CB5D2D04073}.Release|Any CPU.Build.0 = Release|Any CPU
		{2B278688-4B1C-4416-B62C-51BA9E087064}.Debug|Any CPU.ActiveCfg = Debug|Any CPU
		{2B278688-4B1C-4416-B62C-51BA9E087064}.Debug|Any CPU.Build.0 = Debug|Any CPU
		{2B278688-4B1C-4416-B62C-51BA9E087064}.Release|Any CPU.ActiveCfg = Release|Any CPU
		{2B278688-4B1C-4416-B62C-51BA9E087064}.Release|Any CPU.Build.0 = Release|Any CPU
		{61B6783E-4773-464E-8903-AC156A1BB6CE}.Debug|Any CPU.ActiveCfg = Debug|Any CPU
		{61B6783E-4773-464E-8903-AC156A1BB6CE}.Debug|Any CPU.Build.0 = Debug|Any CPU
		{61B6783E-4773-464E-8903-AC156A1BB6CE}.Release|Any CPU.ActiveCfg = Release|Any CPU
		{61B6783E-4773-464E-8903-AC156A1BB6CE}.Release|Any CPU.Build.0 = Release|Any CPU
		{9E1E76DB-2742-4B3C-92E6-5F27A13EEBC8}.Debug|Any CPU.ActiveCfg = Debug|Any CPU
		{9E1E76DB-2742-4B3C-92E6-5F27A13EEBC8}.Debug|Any CPU.Build.0 = Debug|Any CPU
		{9E1E76DB-2742-4B3C-92E6-5F27A13EEBC8}.Release|Any CPU.ActiveCfg = Release|Any CPU
		{9E1E76DB-2742-4B3C-92E6-5F27A13EEBC8}.Release|Any CPU.Build.0 = Release|Any CPU
		{59891206-89AF-4987-AF0B-20EE77FD6A56}.Debug|Any CPU.ActiveCfg = Debug|Any CPU
		{59891206-89AF-4987-AF0B-20EE77FD6A56}.Debug|Any CPU.Build.0 = Debug|Any CPU
		{59891206-89AF-4987-AF0B-20EE77FD6A56}.Release|Any CPU.ActiveCfg = Release|Any CPU
		{59891206-89AF-4987-AF0B-20EE77FD6A56}.Release|Any CPU.Build.0 = Release|Any CPU
	EndGlobalSection
	GlobalSection(SolutionProperties) = preSolution
		HideSolutionNode = FALSE
	EndGlobalSection
	GlobalSection(NestedProjects) = preSolution
		{E532F695-4851-4F87-B29C-309582E1C463} = {6D748DCD-5269-4862-AFB4-930A487FE834}
		{7F9803A1-9CD4-4759-9638-55E486A3A95C} = {BC5A3E34-D12B-4BE5-BBBB-DE247EAC6CFF}
		{CFBCA5DE-90A3-4EB6-A911-9D251F4B730D} = {2FB3FAC5-BBC9-4DE5-829C-C4050463D4B9}
		{27DC10BF-E98A-451A-B7CB-CAF8A7B1C975} = {365CA0A2-40A9-43BA-88A5-5368B3F48536}
		{1B305AC2-7FD2-4D24-92D3-A6A21BE557E7} = {1D13C530-6DDA-40C7-9C7A-38E9CDB5FD00}
		{E587064D-ECE6-4713-BD4D-D8EB53314271} = {BC5A3E34-D12B-4BE5-BBBB-DE247EAC6CFF}
		{5442CCD9-F31E-431C-BE02-3335EB675A0C} = {6D748DCD-5269-4862-AFB4-930A487FE834}
		{223A10A8-3E58-4895-AF92-2CB5D2D04073} = {365CA0A2-40A9-43BA-88A5-5368B3F48536}
		{2B278688-4B1C-4416-B62C-51BA9E087064} = {1D13C530-6DDA-40C7-9C7A-38E9CDB5FD00}
		{61B6783E-4773-464E-8903-AC156A1BB6CE} = {1D13C530-6DDA-40C7-9C7A-38E9CDB5FD00}
		{9E1E76DB-2742-4B3C-92E6-5F27A13EEBC8} = {3C3D38B5-B9F8-470F-8866-8D0510677D34}
		{59891206-89AF-4987-AF0B-20EE77FD6A56} = {3C3D38B5-B9F8-470F-8866-8D0510677D34}
	EndGlobalSection
	GlobalSection(ExtensibilityGlobals) = postSolution
		SolutionGuid = {1455CBFB-F9EB-490D-A609-137F555F9A26}
	EndGlobalSection
EndGlobal
