Microsoft Visual Studio Solution File, Format Version 12.00
# Visual Studio 15
VisualStudioVersion = 15.0.26430.14
MinimumVisualStudioVersion = 10.0.40219.1
Project("{2150E333-8FDC-42A3-9474-1A3956D46DE8}") = "L00", "L00", "{699B12F7-BC57-4561-B28A-8CF0C384260A}"
EndProject
Project("{2150E333-8FDC-42A3-9474-1A3956D46DE8}") = "L10", "L10", "{CF4A7C12-CFCD-4B42-B4E5-F00B740B336B}"
EndProject
Project("{2150E333-8FDC-42A3-9474-1A3956D46DE8}") = "L25", "L25", "{290A471A-3C86-4603-AE88-AE305E8FABF5}"
EndProject
Project("{2150E333-8FDC-42A3-9474-1A3956D46DE8}") = "L20", "L20", "{6EAF4AA3-4C2C-411D-A7A0-61EB346C259F}"
EndProject
Project("{2150E333-8FDC-42A3-9474-1A3956D46DE8}") = "L30", "L30", "{F4A1A495-8A29-4F78-B7DE-62280149FC3F}"
EndProject
Project("{2150E333-8FDC-42A3-9474-1A3956D46DE8}") = "L35", "L35", "{1B5AC042-B9DF-41F2-9956-950069BD3884}"
EndProject
Project("{2150E333-8FDC-42A3-9474-1A3956D46DE8}") = "L40", "L40", "{4857E63E-904D-4F6E-BEA8-D18B418A9793}"
EndProject
Project("{2150E333-8FDC-42A3-9474-1A3956D46DE8}") = "L45", "L45", "{5F439A4E-45CC-4CEC-BA6D-E5D8101D37CF}"
EndProject
Project("{2150E333-8FDC-42A3-9474-1A3956D46DE8}") = ".manage", ".manage", "{663FD430-6066-4BAD-B981-3C81A0BE75FF}"
EndProject
Project("{2150E333-8FDC-42A3-9474-1A3956D46DE8}") = "L05", "L05", "{F866233B-765D-4EFE-A89A-4FE10F97AC04}"
EndProject
Project("{2150E333-8FDC-42A3-9474-1A3956D46DE8}") = "L15", "L15", "{193DFAD0-ADB9-458B-84B8-A58A1FAF7CC3}"
EndProject
Project("{2150E333-8FDC-42A3-9474-1A3956D46DE8}") = "L02", "L02", "{DE63D15B-411D-44D8-9117-395BA294B3E9}"
EndProject
Project("{2150E333-8FDC-42A3-9474-1A3956D46DE8}") = ".config", ".config", "{DDEEA9A7-C1D0-4DB2-8A13-74E4B2912957}"
	ProjectSection(SolutionItems) = preProject
		common.props = common.props
		common.pubxml = common.pubxml
		common.ruleset = common.ruleset
	EndProjectSection
EndProject
Project("{2150E333-8FDC-42A3-9474-1A3956D46DE8}") = "metaflow", "metaflow", "{37A48286-1BF3-4513-A746-14CBC4FD8003}"
EndProject
Project("{2150E333-8FDC-42A3-9474-1A3956D46DE8}") = "L51", "L51", "{2CD0D5A5-9514-4306-BFB6-C9A5C2F7854E}"
EndProject
Project("{2150E333-8FDC-42A3-9474-1A3956D46DE8}") = "L55", "L55", "{7EC7894C-3DC2-4353-8728-36DCB2051793}"
EndProject
Project("{2150E333-8FDC-42A3-9474-1A3956D46DE8}") = "L53", "L53", "{BAEBE156-7982-43E0-AD74-A663A90EBA51}"
EndProject
Project("{2150E333-8FDC-42A3-9474-1A3956D46DE8}") = "L57", "L57", "{C5BC6543-38F2-4C7C-9CF7-95855214C9DA}"
EndProject
Project("{2150E333-8FDC-42A3-9474-1A3956D46DE8}") = "L59", "L59", "{17C93383-2511-45D5-9C1A-40010ECC6A9E}"
EndProject
Project("{2150E333-8FDC-42A3-9474-1A3956D46DE8}") = "L60", "L60", "{34EAEC09-DD65-47F2-B9C6-4D2B0BB721DB}"
EndProject
Project("{2150E333-8FDC-42A3-9474-1A3956D46DE8}") = "L62", "L62", "{E5B00FE7-1BC7-444F-89A1-510E61F61734}"
EndProject
Project("{2150E333-8FDC-42A3-9474-1A3956D46DE8}") = "metacore", "metacore", "{32DA0DC2-E695-4F60-8423-7ECF4ED8BD66}"
EndProject
Project("{2150E333-8FDC-42A3-9474-1A3956D46DE8}") = "sqlt", "sqlt", "{AD7B78E2-EDE2-4DEB-8B5A-D5BB282D4753}"
EndProject
Project("{9A19103F-16F7-4668-BE54-9A1E7A4F7556}") = "Meta.Core.Floor", "Meta.Core.Floor\Meta.Core.Floor.csproj", "{8499993E-0714-4075-9F9B-70D45A310873}"
EndProject
Project("{9A19103F-16F7-4668-BE54-9A1E7A4F7556}") = "Meta.Core.Basement", "Meta.Core.Basement\Meta.Core.Basement.csproj", "{D810E965-3BDF-4EDB-A74C-40D0DA1431E0}"
EndProject
Project("{9A19103F-16F7-4668-BE54-9A1E7A4F7556}") = "Meta.Core", "Meta.Core\Meta.Core.csproj", "{08F3D558-14DE-4502-82CF-653EB5AAE37E}"
EndProject
Project("{9A19103F-16F7-4668-BE54-9A1E7A4F7556}") = "Meta.Core.ClrSpec", "Meta.Core.ClrSpec\Meta.Core.ClrSpec.csproj", "{5732149A-D448-4A45-9D8E-EFEF98FEA2F3}"
EndProject
Project("{9A19103F-16F7-4668-BE54-9A1E7A4F7556}") = "Meta.Core.FileSystem", "Meta.Core.FileSystem\Meta.Core.FileSystem.csproj", "{63F4C387-28C1-417F-A06C-5DC9C759EA0A}"
EndProject
Project("{9A19103F-16F7-4668-BE54-9A1E7A4F7556}") = "Meta.Core.Lang", "Meta.Core.Lang\Meta.Core.Lang.csproj", "{ED9AB3E5-F9B2-4282-9EA9-9C261BD4CD28}"
EndProject
Project("{9A19103F-16F7-4668-BE54-9A1E7A4F7556}") = "Meta.Core.Workflow", "Meta.Core.Workflow\Meta.Core.Workflow.csproj", "{1E19D343-2D20-4C41-95DE-4B623374103F}"
EndProject
Project("{9A19103F-16F7-4668-BE54-9A1E7A4F7556}") = "Meta.Core.Tests", "Meta.Core.Tests\Meta.Core.Tests.csproj", "{1A2BF428-55EB-4084-8030-0909CB964F3E}"
EndProject
Project("{9A19103F-16F7-4668-BE54-9A1E7A4F7556}") = "Meta.Core.Agents", "Meta.Core.Agents\Meta.Core.Agents.csproj", "{20BAB564-3F17-4614-A5B3-757663633113}"
EndProject
Project("{9A19103F-16F7-4668-BE54-9A1E7A4F7556}") = "Meta.Core.Json", "Meta.Core.Json\Meta.Core.Json.csproj", "{0454EC06-5AC1-45ED-80C8-BFCA97762C2E}"
EndProject
Project("{9A19103F-16F7-4668-BE54-9A1E7A4F7556}") = "Meta.Core.Xml", "Meta.Core.Xml\Meta.Core.Xml.csproj", "{19E44816-802B-44BE-AAE6-14C5F746A661}"
EndProject
Project("{9A19103F-16F7-4668-BE54-9A1E7A4F7556}") = "Meta.Core.Command", "Meta.Core.Command\Meta.Core.Command.csproj", "{13A602B6-4763-42DE-914F-765C3B2DBCC9}"
EndProject
Project("{9A19103F-16F7-4668-BE54-9A1E7A4F7556}") = "Meta.Core.Synthetics", "Meta.Core.Synthetics\Meta.Core.Synthetics.csproj", "{F526EE8A-7DBA-4B4F-A1BE-EA79DA506FF1}"
EndProject
Project("{9A19103F-16F7-4668-BE54-9A1E7A4F7556}") = "Meta.Core.Messaging", "Meta.Core.Messaging\Meta.Core.Messaging.csproj", "{5184E610-FCA1-46B6-B44C-6694D915C4EC}"
EndProject
Project("{9A19103F-16F7-4668-BE54-9A1E7A4F7556}") = "Meta.Core.Processes", "Meta.Core.Processes\Meta.Core.Processes.csproj", "{E3B1135B-51F0-4D3A-8C85-30835FF855A2}"
EndProject
Project("{9A19103F-16F7-4668-BE54-9A1E7A4F7556}") = "Meta.Core.Commands", "Meta.Core.Commands\Meta.Core.Commands.csproj", "{FCC2E7ED-CEF3-4755-9D58-3029EC448B48}"
EndProject
Project("{9A19103F-16F7-4668-BE54-9A1E7A4F7556}") = "Meta.Core.Services", "Meta.Core.Services\Meta.Core.Services.csproj", "{D7BD37C6-BC6D-4C6D-BF94-BE17776DA2A2}"
EndProject
Project("{9A19103F-16F7-4668-BE54-9A1E7A4F7556}") = "Meta.Core.Executors", "Meta.Core.Executors\Meta.Core.Executors.csproj", "{5F9D37EF-0234-4A51-ABB0-4C7D1786D858}"
EndProject
Project("{9A19103F-16F7-4668-BE54-9A1E7A4F7556}") = "Meta.Core.Shells", "Meta.Core.Shells\Meta.Core.Shells.csproj", "{70B46CF7-B45D-4C9B-8F8A-DE5EE9AD92E7}"
EndProject
Project("{9A19103F-16F7-4668-BE54-9A1E7A4F7556}") = "Meta.Core.Operations", "Meta.Core.Operations\Meta.Core.Operations.csproj", "{69FC04B8-493C-4934-A5C3-B0407ABA7AC8}"
EndProject
Project("{9A19103F-16F7-4668-BE54-9A1E7A4F7556}") = "Meta.Core.Shell", "Meta.Core.Shell\Meta.Core.Shell.csproj", "{1BDED6C2-EDDC-4C57-A061-BF0158FE5207}"
EndProject
Project("{9A19103F-16F7-4668-BE54-9A1E7A4F7556}") = "Meta.Core.Collections", "Meta.Core.Collections\Meta.Core.Collections.csproj", "{5E3CC906-7ABE-470C-B38E-A5107EA4DDE2}"
EndProject
Project("{9A19103F-16F7-4668-BE54-9A1E7A4F7556}") = "Meta.Core.Substructure", "Meta.Core.Substructure\Meta.Core.Substructure.csproj", "{BACCD068-554D-4CC8-B494-8074205C1A73}"
EndProject
Project("{9A19103F-16F7-4668-BE54-9A1E7A4F7556}") = "Meta.Core.Etude", "Meta.Core.Etude\Meta.Core.Etude.csproj", "{C3C3E437-1B66-4E26-9286-BAB88832413E}"
EndProject
Project("{9A19103F-16F7-4668-BE54-9A1E7A4F7556}") = "Meta.Core.Dynamics", "Meta.Core.Dynamics\Meta.Core.Dynamics.csproj", "{A95B3C93-525B-4AAA-85F6-392D652D8420}"
EndProject
Project("{9A19103F-16F7-4668-BE54-9A1E7A4F7556}") = "SqlT.Core", "SqlT.Core\SqlT.Core.csproj", "{9889C2BC-6221-4337-9572-5C234BFC453F}"
EndProject
Project("{9A19103F-16F7-4668-BE54-9A1E7A4F7556}") = "SqlT.Test", "SqlT.Core.Test\SqlT.Test.csproj", "{641469C1-8DEC-4738-BEF6-D82C5CB7E998}"
EndProject
Project("{9A19103F-16F7-4668-BE54-9A1E7A4F7556}") = "SqlT.Proxies.Types", "SqlT.Proxies.Types\SqlT.Proxies.Types.csproj", "{9DD0BF81-8F60-4D8E-870D-67C91F5037C1}"
EndProject
Project("{9A19103F-16F7-4668-BE54-9A1E7A4F7556}") = "SqlT.Proxies.Store", "SqlT.Proxies.Store\SqlT.Proxies.Store.csproj", "{EAA65EFB-0544-493D-B726-BCB046C23EF2}"
EndProject
Project("{9A19103F-16F7-4668-BE54-9A1E7A4F7556}") = "SqlT.Models.Proxies", "SqlT.Models.Proxies\SqlT.Models.Proxies.csproj", "{1D5AABF6-564C-498F-9A77-49A11D9F2D11}"
EndProject
Project("{9A19103F-16F7-4668-BE54-9A1E7A4F7556}") = "SqlT.Proxies.Z0", "SqlT.Proxies.Z0\SqlT.Proxies.Z0.csproj", "{19B2D5D7-7DDB-42F2-B2D3-92125980B959}"
EndProject
Project("{9A19103F-16F7-4668-BE54-9A1E7A4F7556}") = "SqlT.Models", "SqlT.Models\SqlT.Models.csproj", "{BB01B371-03B6-4217-A289-48F116ADC569}"
EndProject
Project("{9A19103F-16F7-4668-BE54-9A1E7A4F7556}") = "SqlT.Syntax.Proxies", "SqlT.Syntax.Proxies\SqlT.Syntax.Proxies.csproj", "{A7768AB5-84EC-4362-821C-E7565414425F}"
EndProject
Project("{9A19103F-16F7-4668-BE54-9A1E7A4F7556}") = "SqlT.Syntax", "SqlT.Syntax\SqlT.Syntax.csproj", "{74CBFC6B-FCBA-423E-9AD0-9C105E7B1CE2}"
EndProject
Project("{9A19103F-16F7-4668-BE54-9A1E7A4F7556}") = "SqlT.Language", "SqlT.Language\SqlT.Language.csproj", "{C41A8839-E7D0-44F9-8402-0E7EA4082ABB}"
EndProject
Project("{9A19103F-16F7-4668-BE54-9A1E7A4F7556}") = "SqlT.Services", "SqlT.Services\SqlT.Services.csproj", "{FBE65CCD-40CE-4A80-84E8-DE9C6A3D885F}"
EndProject
Project("{D954291E-2A0B-460D-934E-DC6B0785DB48}") = "SqlT.SqlTDom.G", "SqlT.SqlTDom.G\SqlT.SqlTDom.G.shproj", "{5F155B77-EB8E-4DC5-98CF-C1A1DF342D89}"
EndProject
Project("{9A19103F-16F7-4668-BE54-9A1E7A4F7556}") = "Meta.Core.Build", "Meta.Core.Build\Meta.Core.Build.csproj", "{B09F1022-FCCB-4308-AA85-41FA2F6C5937}"
EndProject
Project("{9A19103F-16F7-4668-BE54-9A1E7A4F7556}") = "SqlT.SqlTDom", "SqlT.SqlTDom\SqlT.SqlTDom.csproj", "{C7CF0707-095F-4163-ACF1-0036CDC6CF5F}"
EndProject
Project("{9A19103F-16F7-4668-BE54-9A1E7A4F7556}") = "SqlT.CSharp", "SqlT.CSharp\SqlT.CSharp.csproj", "{A2C4B7D0-0E03-4C6D-A43F-47ACC2644D5E}"
EndProject
Project("{9A19103F-16F7-4668-BE54-9A1E7A4F7556}") = "SqlT.SqlDocs", "SqlT.SqlDocs\SqlT.SqlDocs.csproj", "{9CC73F75-B59C-4815-80BC-DC0A5AC0DC7B}"
EndProject
Project("{9A19103F-16F7-4668-BE54-9A1E7A4F7556}") = "SqlT.SqlDocs.Proxies", "SqlT.SqlDocs.Proxies\SqlT.SqlDocs.Proxies.csproj", "{27DE0181-4423-477C-B8D3-E0786D944898}"
EndProject
Project("{9A19103F-16F7-4668-BE54-9A1E7A4F7556}") = "SqlT.Workflow", "SqlT.Workflow\SqlT.Workflow.csproj", "{2237573E-FD68-4F6E-81B8-1340F54DAC12}"
EndProject
Project("{9A19103F-16F7-4668-BE54-9A1E7A4F7556}") = "SqlT.Operations", "SqlT.Operations\SqlT.Operations.csproj", "{920C1BD7-85AD-4911-9AD6-26C8D961B962}"
EndProject
Project("{9A19103F-16F7-4668-BE54-9A1E7A4F7556}") = "SqlT.Shell", "SqlT.Shell\SqlT.Shell.csproj", "{3E5F850B-7D72-4606-9342-73C1ABFCE09E}"
EndProject
Project("{9A19103F-16F7-4668-BE54-9A1E7A4F7556}") = "SqlT.Services.Dac", "SqlT.Services.Dac\SqlT.Services.Dac.csproj", "{37C66669-40EE-4CFD-B088-335EC878F4B4}"
EndProject
Project("{9A19103F-16F7-4668-BE54-9A1E7A4F7556}") = "MetaFlow.Core.Messages", "MetaFlow.Core.Messages\MetaFlow.Core.Messages.csproj", "{6885ABC3-166A-44D0-B912-D3239796FBBF}"
EndProject
Project("{9A19103F-16F7-4668-BE54-9A1E7A4F7556}") = "MetaFlow.Core.Services", "MetaFlow.Core.Services\MetaFlow.Core.Services.csproj", "{F4BA8A7F-1561-4189-8849-6ED254D7D7FF}"
EndProject
Project("{9A19103F-16F7-4668-BE54-9A1E7A4F7556}") = "MetaFlow.Core.Storage", "MetaFlow.Core.Storage\MetaFlow.Core.Storage.csproj", "{AD56A2C5-B2ED-4919-BA18-C1AB9E1CB45C}"
EndProject
Project("{9A19103F-16F7-4668-BE54-9A1E7A4F7556}") = "MetaFlow.Core.Types", "MetaFlow.Core.Types\MetaFlow.Core.Types.csproj", "{856FC801-D48C-4907-84CB-16A006FD527C}"
EndProject
Project("{9A19103F-16F7-4668-BE54-9A1E7A4F7556}") = "MetaFlow.Core", "MetaFlow.Core\MetaFlow.Core.csproj", "{648C86E4-48EC-4974-BF80-8CEDA444A6B4}"
EndProject
Project("{9A19103F-16F7-4668-BE54-9A1E7A4F7556}") = "MetaFlow.Platform.Services", "MetaFlow.Platform.Services\MetaFlow.Platform.Services.csproj", "{F614B6F5-203E-4C5E-8BAF-DC0937AFBD70}"
EndProject
Project("{9A19103F-16F7-4668-BE54-9A1E7A4F7556}") = "MetaFlow.Proxies.WS", "MetaFlow.Proxies.WS\MetaFlow.Proxies.WS.csproj", "{21FB55C3-A007-4F30-9CE3-5743BD56C97D}"
EndProject
Project("{9A19103F-16F7-4668-BE54-9A1E7A4F7556}") = "SqlT.Tool", "SqlT.Tool\SqlT.Tool.csproj", "{9E968850-39F9-41EB-9410-97A005720C94}"
EndProject
Project("{9A19103F-16F7-4668-BE54-9A1E7A4F7556}") = "MetaFlow.WF.Proxies", "MetaFlow.WF.Proxies\MetaFlow.WF.Proxies.csproj", "{A77D7E7B-058D-42C6-852D-71C856AA0F3D}"
EndProject
Project("{9A19103F-16F7-4668-BE54-9A1E7A4F7556}") = "MetaFlow.WF.Services", "MetaFlow.WF.Services\MetaFlow.WF.Services.csproj", "{70636DF6-2842-47C0-81AF-CF3EBD60BA6A}"
EndProject
Project("{9A19103F-16F7-4668-BE54-9A1E7A4F7556}") = "SqlT.Models.Construction", "SqlT.Models.Construction\SqlT.Models.Construction.csproj", "{78010C80-64FA-4255-8838-A349B4583726}"
EndProject
Project("{9A19103F-16F7-4668-BE54-9A1E7A4F7556}") = "SqlT.SqlSystem", "SqlT.SqlSystem\SqlT.SqlSystem.csproj", "{E067A8D7-6CDD-42AB-9C2A-C2B7DECCCC03}"
EndProject
Project("{2150E333-8FDC-42A3-9474-1A3956D46DE8}") = "Proxies", "Proxies", "{4297D3CB-79E1-44AA-827B-B06C0993B321}"
EndProject
Project("{9A19103F-16F7-4668-BE54-9A1E7A4F7556}") = "SqlT.Services.Datasets", "SqlT.Services.Datasets\SqlT.Services.Datasets.csproj", "{E45B22FA-A689-4B90-AF65-2202653488FA}"
EndProject
Project("{9A19103F-16F7-4668-BE54-9A1E7A4F7556}") = "SqlT.Services.Metadata", "SqlT.Services.Metadata\SqlT.Services.Metadata.csproj", "{40D8FFB0-5AD4-410A-9262-9ED665C5C5C6}"
EndProject
Project("{9A19103F-16F7-4668-BE54-9A1E7A4F7556}") = "Meta.Core.Floor.Tests", "Meta.Core.Floor.Tests\Meta.Core.Floor.Tests.csproj", "{DB8A2DF5-7AD2-43AE-AAD0-93DB20D6DB96}"
EndProject
Project("{9A19103F-16F7-4668-BE54-9A1E7A4F7556}") = "Meta.Core.Testing", "Meta.Core.Testing\Meta.Core.Testing.csproj", "{38696800-F40A-4BE6-8754-E6D9022D10E7}"
EndProject
Project("{9A19103F-16F7-4668-BE54-9A1E7A4F7556}") = "Meta.Core.Etude.Tests", "Meta.Core.Etude.Tests\Meta.Core.Etude.Tests.csproj", "{A5602DE3-6C8F-4988-93DC-97E66930DCA8}"
EndProject
Global
	GlobalSection(SharedMSBuildProjectFiles) = preSolution
		SqlT.SqlTDom.G\SqlTDom.projitems*{5f155b77-eb8e-4dc5-98cf-c1a1df342d89}*SharedItemsImports = 13
	EndGlobalSection
	GlobalSection(SolutionConfigurationPlatforms) = preSolution
		Debug|Any CPU = Debug|Any CPU
		Release|Any CPU = Release|Any CPU
	EndGlobalSection
	GlobalSection(ProjectConfigurationPlatforms) = postSolution
		{8499993E-0714-4075-9F9B-70D45A310873}.Debug|Any CPU.ActiveCfg = Debug|Any CPU
		{8499993E-0714-4075-9F9B-70D45A310873}.Debug|Any CPU.Build.0 = Debug|Any CPU
		{8499993E-0714-4075-9F9B-70D45A310873}.Release|Any CPU.ActiveCfg = Release|Any CPU
		{8499993E-0714-4075-9F9B-70D45A310873}.Release|Any CPU.Build.0 = Release|Any CPU
		{D810E965-3BDF-4EDB-A74C-40D0DA1431E0}.Debug|Any CPU.ActiveCfg = Debug|Any CPU
		{D810E965-3BDF-4EDB-A74C-40D0DA1431E0}.Debug|Any CPU.Build.0 = Debug|Any CPU
		{D810E965-3BDF-4EDB-A74C-40D0DA1431E0}.Release|Any CPU.ActiveCfg = Release|Any CPU
		{D810E965-3BDF-4EDB-A74C-40D0DA1431E0}.Release|Any CPU.Build.0 = Release|Any CPU
		{08F3D558-14DE-4502-82CF-653EB5AAE37E}.Debug|Any CPU.ActiveCfg = Debug|Any CPU
		{08F3D558-14DE-4502-82CF-653EB5AAE37E}.Debug|Any CPU.Build.0 = Debug|Any CPU
		{08F3D558-14DE-4502-82CF-653EB5AAE37E}.Release|Any CPU.ActiveCfg = Release|Any CPU
		{08F3D558-14DE-4502-82CF-653EB5AAE37E}.Release|Any CPU.Build.0 = Release|Any CPU
		{5732149A-D448-4A45-9D8E-EFEF98FEA2F3}.Debug|Any CPU.ActiveCfg = Debug|Any CPU
		{5732149A-D448-4A45-9D8E-EFEF98FEA2F3}.Debug|Any CPU.Build.0 = Debug|Any CPU
		{5732149A-D448-4A45-9D8E-EFEF98FEA2F3}.Release|Any CPU.ActiveCfg = Release|Any CPU
		{5732149A-D448-4A45-9D8E-EFEF98FEA2F3}.Release|Any CPU.Build.0 = Release|Any CPU
		{63F4C387-28C1-417F-A06C-5DC9C759EA0A}.Debug|Any CPU.ActiveCfg = Debug|Any CPU
		{63F4C387-28C1-417F-A06C-5DC9C759EA0A}.Debug|Any CPU.Build.0 = Debug|Any CPU
		{63F4C387-28C1-417F-A06C-5DC9C759EA0A}.Release|Any CPU.ActiveCfg = Release|Any CPU
		{63F4C387-28C1-417F-A06C-5DC9C759EA0A}.Release|Any CPU.Build.0 = Release|Any CPU
		{ED9AB3E5-F9B2-4282-9EA9-9C261BD4CD28}.Debug|Any CPU.ActiveCfg = Debug|Any CPU
		{ED9AB3E5-F9B2-4282-9EA9-9C261BD4CD28}.Debug|Any CPU.Build.0 = Debug|Any CPU
		{ED9AB3E5-F9B2-4282-9EA9-9C261BD4CD28}.Release|Any CPU.ActiveCfg = Release|Any CPU
		{ED9AB3E5-F9B2-4282-9EA9-9C261BD4CD28}.Release|Any CPU.Build.0 = Release|Any CPU
		{1E19D343-2D20-4C41-95DE-4B623374103F}.Debug|Any CPU.ActiveCfg = Debug|Any CPU
		{1E19D343-2D20-4C41-95DE-4B623374103F}.Debug|Any CPU.Build.0 = Debug|Any CPU
		{1E19D343-2D20-4C41-95DE-4B623374103F}.Release|Any CPU.ActiveCfg = Release|Any CPU
		{1E19D343-2D20-4C41-95DE-4B623374103F}.Release|Any CPU.Build.0 = Release|Any CPU
		{1A2BF428-55EB-4084-8030-0909CB964F3E}.Debug|Any CPU.ActiveCfg = Debug|Any CPU
		{1A2BF428-55EB-4084-8030-0909CB964F3E}.Debug|Any CPU.Build.0 = Debug|Any CPU
		{1A2BF428-55EB-4084-8030-0909CB964F3E}.Release|Any CPU.ActiveCfg = Release|Any CPU
		{1A2BF428-55EB-4084-8030-0909CB964F3E}.Release|Any CPU.Build.0 = Release|Any CPU
		{20BAB564-3F17-4614-A5B3-757663633113}.Debug|Any CPU.ActiveCfg = Debug|Any CPU
		{20BAB564-3F17-4614-A5B3-757663633113}.Debug|Any CPU.Build.0 = Debug|Any CPU
		{20BAB564-3F17-4614-A5B3-757663633113}.Release|Any CPU.ActiveCfg = Release|Any CPU
		{20BAB564-3F17-4614-A5B3-757663633113}.Release|Any CPU.Build.0 = Release|Any CPU
		{0454EC06-5AC1-45ED-80C8-BFCA97762C2E}.Debug|Any CPU.ActiveCfg = Debug|Any CPU
		{0454EC06-5AC1-45ED-80C8-BFCA97762C2E}.Debug|Any CPU.Build.0 = Debug|Any CPU
		{0454EC06-5AC1-45ED-80C8-BFCA97762C2E}.Release|Any CPU.ActiveCfg = Release|Any CPU
		{0454EC06-5AC1-45ED-80C8-BFCA97762C2E}.Release|Any CPU.Build.0 = Release|Any CPU
		{19E44816-802B-44BE-AAE6-14C5F746A661}.Debug|Any CPU.ActiveCfg = Debug|Any CPU
		{19E44816-802B-44BE-AAE6-14C5F746A661}.Debug|Any CPU.Build.0 = Debug|Any CPU
		{19E44816-802B-44BE-AAE6-14C5F746A661}.Release|Any CPU.ActiveCfg = Release|Any CPU
		{19E44816-802B-44BE-AAE6-14C5F746A661}.Release|Any CPU.Build.0 = Release|Any CPU
		{13A602B6-4763-42DE-914F-765C3B2DBCC9}.Debug|Any CPU.ActiveCfg = Debug|Any CPU
		{13A602B6-4763-42DE-914F-765C3B2DBCC9}.Debug|Any CPU.Build.0 = Debug|Any CPU
		{13A602B6-4763-42DE-914F-765C3B2DBCC9}.Release|Any CPU.ActiveCfg = Release|Any CPU
		{13A602B6-4763-42DE-914F-765C3B2DBCC9}.Release|Any CPU.Build.0 = Release|Any CPU
		{F526EE8A-7DBA-4B4F-A1BE-EA79DA506FF1}.Debug|Any CPU.ActiveCfg = Debug|Any CPU
		{F526EE8A-7DBA-4B4F-A1BE-EA79DA506FF1}.Debug|Any CPU.Build.0 = Debug|Any CPU
		{F526EE8A-7DBA-4B4F-A1BE-EA79DA506FF1}.Release|Any CPU.ActiveCfg = Release|Any CPU
		{F526EE8A-7DBA-4B4F-A1BE-EA79DA506FF1}.Release|Any CPU.Build.0 = Release|Any CPU
		{5184E610-FCA1-46B6-B44C-6694D915C4EC}.Debug|Any CPU.ActiveCfg = Debug|Any CPU
		{5184E610-FCA1-46B6-B44C-6694D915C4EC}.Debug|Any CPU.Build.0 = Debug|Any CPU
		{5184E610-FCA1-46B6-B44C-6694D915C4EC}.Release|Any CPU.ActiveCfg = Release|Any CPU
		{5184E610-FCA1-46B6-B44C-6694D915C4EC}.Release|Any CPU.Build.0 = Release|Any CPU
		{E3B1135B-51F0-4D3A-8C85-30835FF855A2}.Debug|Any CPU.ActiveCfg = Debug|Any CPU
		{E3B1135B-51F0-4D3A-8C85-30835FF855A2}.Debug|Any CPU.Build.0 = Debug|Any CPU
		{E3B1135B-51F0-4D3A-8C85-30835FF855A2}.Release|Any CPU.ActiveCfg = Release|Any CPU
		{E3B1135B-51F0-4D3A-8C85-30835FF855A2}.Release|Any CPU.Build.0 = Release|Any CPU
		{FCC2E7ED-CEF3-4755-9D58-3029EC448B48}.Debug|Any CPU.ActiveCfg = Debug|Any CPU
		{FCC2E7ED-CEF3-4755-9D58-3029EC448B48}.Debug|Any CPU.Build.0 = Debug|Any CPU
		{FCC2E7ED-CEF3-4755-9D58-3029EC448B48}.Release|Any CPU.ActiveCfg = Release|Any CPU
		{FCC2E7ED-CEF3-4755-9D58-3029EC448B48}.Release|Any CPU.Build.0 = Release|Any CPU
		{D7BD37C6-BC6D-4C6D-BF94-BE17776DA2A2}.Debug|Any CPU.ActiveCfg = Debug|Any CPU
		{D7BD37C6-BC6D-4C6D-BF94-BE17776DA2A2}.Debug|Any CPU.Build.0 = Debug|Any CPU
		{D7BD37C6-BC6D-4C6D-BF94-BE17776DA2A2}.Release|Any CPU.ActiveCfg = Release|Any CPU
		{D7BD37C6-BC6D-4C6D-BF94-BE17776DA2A2}.Release|Any CPU.Build.0 = Release|Any CPU
		{5F9D37EF-0234-4A51-ABB0-4C7D1786D858}.Debug|Any CPU.ActiveCfg = Debug|Any CPU
		{5F9D37EF-0234-4A51-ABB0-4C7D1786D858}.Debug|Any CPU.Build.0 = Debug|Any CPU
		{5F9D37EF-0234-4A51-ABB0-4C7D1786D858}.Release|Any CPU.ActiveCfg = Release|Any CPU
		{5F9D37EF-0234-4A51-ABB0-4C7D1786D858}.Release|Any CPU.Build.0 = Release|Any CPU
		{70B46CF7-B45D-4C9B-8F8A-DE5EE9AD92E7}.Debug|Any CPU.ActiveCfg = Debug|Any CPU
		{70B46CF7-B45D-4C9B-8F8A-DE5EE9AD92E7}.Debug|Any CPU.Build.0 = Debug|Any CPU
		{70B46CF7-B45D-4C9B-8F8A-DE5EE9AD92E7}.Release|Any CPU.ActiveCfg = Release|Any CPU
		{70B46CF7-B45D-4C9B-8F8A-DE5EE9AD92E7}.Release|Any CPU.Build.0 = Release|Any CPU
		{69FC04B8-493C-4934-A5C3-B0407ABA7AC8}.Debug|Any CPU.ActiveCfg = Debug|Any CPU
		{69FC04B8-493C-4934-A5C3-B0407ABA7AC8}.Debug|Any CPU.Build.0 = Debug|Any CPU
		{69FC04B8-493C-4934-A5C3-B0407ABA7AC8}.Release|Any CPU.ActiveCfg = Release|Any CPU
		{69FC04B8-493C-4934-A5C3-B0407ABA7AC8}.Release|Any CPU.Build.0 = Release|Any CPU
		{1BDED6C2-EDDC-4C57-A061-BF0158FE5207}.Debug|Any CPU.ActiveCfg = Debug|Any CPU
		{1BDED6C2-EDDC-4C57-A061-BF0158FE5207}.Debug|Any CPU.Build.0 = Debug|Any CPU
		{1BDED6C2-EDDC-4C57-A061-BF0158FE5207}.Release|Any CPU.ActiveCfg = Release|Any CPU
		{1BDED6C2-EDDC-4C57-A061-BF0158FE5207}.Release|Any CPU.Build.0 = Release|Any CPU
		{5E3CC906-7ABE-470C-B38E-A5107EA4DDE2}.Debug|Any CPU.ActiveCfg = Debug|Any CPU
		{5E3CC906-7ABE-470C-B38E-A5107EA4DDE2}.Debug|Any CPU.Build.0 = Debug|Any CPU
		{5E3CC906-7ABE-470C-B38E-A5107EA4DDE2}.Release|Any CPU.ActiveCfg = Release|Any CPU
		{5E3CC906-7ABE-470C-B38E-A5107EA4DDE2}.Release|Any CPU.Build.0 = Release|Any CPU
		{BACCD068-554D-4CC8-B494-8074205C1A73}.Debug|Any CPU.ActiveCfg = Debug|Any CPU
		{BACCD068-554D-4CC8-B494-8074205C1A73}.Debug|Any CPU.Build.0 = Debug|Any CPU
		{BACCD068-554D-4CC8-B494-8074205C1A73}.Release|Any CPU.ActiveCfg = Release|Any CPU
		{BACCD068-554D-4CC8-B494-8074205C1A73}.Release|Any CPU.Build.0 = Release|Any CPU
		{C3C3E437-1B66-4E26-9286-BAB88832413E}.Debug|Any CPU.ActiveCfg = Debug|Any CPU
		{C3C3E437-1B66-4E26-9286-BAB88832413E}.Debug|Any CPU.Build.0 = Debug|Any CPU
		{C3C3E437-1B66-4E26-9286-BAB88832413E}.Release|Any CPU.ActiveCfg = Release|Any CPU
		{C3C3E437-1B66-4E26-9286-BAB88832413E}.Release|Any CPU.Build.0 = Release|Any CPU
		{A95B3C93-525B-4AAA-85F6-392D652D8420}.Debug|Any CPU.ActiveCfg = Debug|Any CPU
		{A95B3C93-525B-4AAA-85F6-392D652D8420}.Debug|Any CPU.Build.0 = Debug|Any CPU
		{A95B3C93-525B-4AAA-85F6-392D652D8420}.Release|Any CPU.ActiveCfg = Release|Any CPU
		{A95B3C93-525B-4AAA-85F6-392D652D8420}.Release|Any CPU.Build.0 = Release|Any CPU
		{9889C2BC-6221-4337-9572-5C234BFC453F}.Debug|Any CPU.ActiveCfg = Debug|Any CPU
		{9889C2BC-6221-4337-9572-5C234BFC453F}.Debug|Any CPU.Build.0 = Debug|Any CPU
		{9889C2BC-6221-4337-9572-5C234BFC453F}.Release|Any CPU.ActiveCfg = Release|Any CPU
		{9889C2BC-6221-4337-9572-5C234BFC453F}.Release|Any CPU.Build.0 = Release|Any CPU
		{641469C1-8DEC-4738-BEF6-D82C5CB7E998}.Debug|Any CPU.ActiveCfg = Debug|Any CPU
		{641469C1-8DEC-4738-BEF6-D82C5CB7E998}.Debug|Any CPU.Build.0 = Debug|Any CPU
		{641469C1-8DEC-4738-BEF6-D82C5CB7E998}.Release|Any CPU.ActiveCfg = Release|Any CPU
		{641469C1-8DEC-4738-BEF6-D82C5CB7E998}.Release|Any CPU.Build.0 = Release|Any CPU
		{9DD0BF81-8F60-4D8E-870D-67C91F5037C1}.Debug|Any CPU.ActiveCfg = Debug|Any CPU
		{9DD0BF81-8F60-4D8E-870D-67C91F5037C1}.Debug|Any CPU.Build.0 = Debug|Any CPU
		{9DD0BF81-8F60-4D8E-870D-67C91F5037C1}.Release|Any CPU.ActiveCfg = Release|Any CPU
		{9DD0BF81-8F60-4D8E-870D-67C91F5037C1}.Release|Any CPU.Build.0 = Release|Any CPU
		{EAA65EFB-0544-493D-B726-BCB046C23EF2}.Debug|Any CPU.ActiveCfg = Debug|Any CPU
		{EAA65EFB-0544-493D-B726-BCB046C23EF2}.Debug|Any CPU.Build.0 = Debug|Any CPU
		{EAA65EFB-0544-493D-B726-BCB046C23EF2}.Release|Any CPU.ActiveCfg = Release|Any CPU
		{EAA65EFB-0544-493D-B726-BCB046C23EF2}.Release|Any CPU.Build.0 = Release|Any CPU
		{1D5AABF6-564C-498F-9A77-49A11D9F2D11}.Debug|Any CPU.ActiveCfg = Debug|Any CPU
		{1D5AABF6-564C-498F-9A77-49A11D9F2D11}.Debug|Any CPU.Build.0 = Debug|Any CPU
		{1D5AABF6-564C-498F-9A77-49A11D9F2D11}.Release|Any CPU.ActiveCfg = Release|Any CPU
		{1D5AABF6-564C-498F-9A77-49A11D9F2D11}.Release|Any CPU.Build.0 = Release|Any CPU
		{19B2D5D7-7DDB-42F2-B2D3-92125980B959}.Debug|Any CPU.ActiveCfg = Debug|Any CPU
		{19B2D5D7-7DDB-42F2-B2D3-92125980B959}.Debug|Any CPU.Build.0 = Debug|Any CPU
		{19B2D5D7-7DDB-42F2-B2D3-92125980B959}.Release|Any CPU.ActiveCfg = Release|Any CPU
		{19B2D5D7-7DDB-42F2-B2D3-92125980B959}.Release|Any CPU.Build.0 = Release|Any CPU
		{BB01B371-03B6-4217-A289-48F116ADC569}.Debug|Any CPU.ActiveCfg = Debug|Any CPU
		{BB01B371-03B6-4217-A289-48F116ADC569}.Debug|Any CPU.Build.0 = Debug|Any CPU
		{BB01B371-03B6-4217-A289-48F116ADC569}.Release|Any CPU.ActiveCfg = Release|Any CPU
		{BB01B371-03B6-4217-A289-48F116ADC569}.Release|Any CPU.Build.0 = Release|Any CPU
		{A7768AB5-84EC-4362-821C-E7565414425F}.Debug|Any CPU.ActiveCfg = Debug|Any CPU
		{A7768AB5-84EC-4362-821C-E7565414425F}.Debug|Any CPU.Build.0 = Debug|Any CPU
		{A7768AB5-84EC-4362-821C-E7565414425F}.Release|Any CPU.ActiveCfg = Release|Any CPU
		{A7768AB5-84EC-4362-821C-E7565414425F}.Release|Any CPU.Build.0 = Release|Any CPU
		{74CBFC6B-FCBA-423E-9AD0-9C105E7B1CE2}.Debug|Any CPU.ActiveCfg = Debug|Any CPU
		{74CBFC6B-FCBA-423E-9AD0-9C105E7B1CE2}.Debug|Any CPU.Build.0 = Debug|Any CPU
		{74CBFC6B-FCBA-423E-9AD0-9C105E7B1CE2}.Release|Any CPU.ActiveCfg = Release|Any CPU
		{74CBFC6B-FCBA-423E-9AD0-9C105E7B1CE2}.Release|Any CPU.Build.0 = Release|Any CPU
		{C41A8839-E7D0-44F9-8402-0E7EA4082ABB}.Debug|Any CPU.ActiveCfg = Debug|Any CPU
		{C41A8839-E7D0-44F9-8402-0E7EA4082ABB}.Debug|Any CPU.Build.0 = Debug|Any CPU
		{C41A8839-E7D0-44F9-8402-0E7EA4082ABB}.Release|Any CPU.ActiveCfg = Release|Any CPU
		{C41A8839-E7D0-44F9-8402-0E7EA4082ABB}.Release|Any CPU.Build.0 = Release|Any CPU
		{FBE65CCD-40CE-4A80-84E8-DE9C6A3D885F}.Debug|Any CPU.ActiveCfg = Debug|Any CPU
		{FBE65CCD-40CE-4A80-84E8-DE9C6A3D885F}.Debug|Any CPU.Build.0 = Debug|Any CPU
		{FBE65CCD-40CE-4A80-84E8-DE9C6A3D885F}.Release|Any CPU.ActiveCfg = Release|Any CPU
		{FBE65CCD-40CE-4A80-84E8-DE9C6A3D885F}.Release|Any CPU.Build.0 = Release|Any CPU
		{B09F1022-FCCB-4308-AA85-41FA2F6C5937}.Debug|Any CPU.ActiveCfg = Debug|Any CPU
		{B09F1022-FCCB-4308-AA85-41FA2F6C5937}.Debug|Any CPU.Build.0 = Debug|Any CPU
		{B09F1022-FCCB-4308-AA85-41FA2F6C5937}.Release|Any CPU.ActiveCfg = Release|Any CPU
		{B09F1022-FCCB-4308-AA85-41FA2F6C5937}.Release|Any CPU.Build.0 = Release|Any CPU
		{C7CF0707-095F-4163-ACF1-0036CDC6CF5F}.Debug|Any CPU.ActiveCfg = Debug|Any CPU
		{C7CF0707-095F-4163-ACF1-0036CDC6CF5F}.Debug|Any CPU.Build.0 = Debug|Any CPU
		{C7CF0707-095F-4163-ACF1-0036CDC6CF5F}.Release|Any CPU.ActiveCfg = Release|Any CPU
		{C7CF0707-095F-4163-ACF1-0036CDC6CF5F}.Release|Any CPU.Build.0 = Release|Any CPU
		{A2C4B7D0-0E03-4C6D-A43F-47ACC2644D5E}.Debug|Any CPU.ActiveCfg = Debug|Any CPU
		{A2C4B7D0-0E03-4C6D-A43F-47ACC2644D5E}.Debug|Any CPU.Build.0 = Debug|Any CPU
		{A2C4B7D0-0E03-4C6D-A43F-47ACC2644D5E}.Release|Any CPU.ActiveCfg = Release|Any CPU
		{A2C4B7D0-0E03-4C6D-A43F-47ACC2644D5E}.Release|Any CPU.Build.0 = Release|Any CPU
		{9CC73F75-B59C-4815-80BC-DC0A5AC0DC7B}.Debug|Any CPU.ActiveCfg = Debug|Any CPU
		{9CC73F75-B59C-4815-80BC-DC0A5AC0DC7B}.Debug|Any CPU.Build.0 = Debug|Any CPU
		{9CC73F75-B59C-4815-80BC-DC0A5AC0DC7B}.Release|Any CPU.ActiveCfg = Release|Any CPU
		{9CC73F75-B59C-4815-80BC-DC0A5AC0DC7B}.Release|Any CPU.Build.0 = Release|Any CPU
		{27DE0181-4423-477C-B8D3-E0786D944898}.Debug|Any CPU.ActiveCfg = Debug|Any CPU
		{27DE0181-4423-477C-B8D3-E0786D944898}.Debug|Any CPU.Build.0 = Debug|Any CPU
		{27DE0181-4423-477C-B8D3-E0786D944898}.Release|Any CPU.ActiveCfg = Release|Any CPU
		{27DE0181-4423-477C-B8D3-E0786D944898}.Release|Any CPU.Build.0 = Release|Any CPU
		{2237573E-FD68-4F6E-81B8-1340F54DAC12}.Debug|Any CPU.ActiveCfg = Debug|Any CPU
		{2237573E-FD68-4F6E-81B8-1340F54DAC12}.Debug|Any CPU.Build.0 = Debug|Any CPU
		{2237573E-FD68-4F6E-81B8-1340F54DAC12}.Release|Any CPU.ActiveCfg = Release|Any CPU
		{2237573E-FD68-4F6E-81B8-1340F54DAC12}.Release|Any CPU.Build.0 = Release|Any CPU
		{920C1BD7-85AD-4911-9AD6-26C8D961B962}.Debug|Any CPU.ActiveCfg = Debug|Any CPU
		{920C1BD7-85AD-4911-9AD6-26C8D961B962}.Debug|Any CPU.Build.0 = Debug|Any CPU
		{920C1BD7-85AD-4911-9AD6-26C8D961B962}.Release|Any CPU.ActiveCfg = Release|Any CPU
		{920C1BD7-85AD-4911-9AD6-26C8D961B962}.Release|Any CPU.Build.0 = Release|Any CPU
		{3E5F850B-7D72-4606-9342-73C1ABFCE09E}.Debug|Any CPU.ActiveCfg = Debug|Any CPU
		{3E5F850B-7D72-4606-9342-73C1ABFCE09E}.Debug|Any CPU.Build.0 = Debug|Any CPU
		{3E5F850B-7D72-4606-9342-73C1ABFCE09E}.Release|Any CPU.ActiveCfg = Release|Any CPU
		{3E5F850B-7D72-4606-9342-73C1ABFCE09E}.Release|Any CPU.Build.0 = Release|Any CPU
		{37C66669-40EE-4CFD-B088-335EC878F4B4}.Debug|Any CPU.ActiveCfg = Debug|Any CPU
		{37C66669-40EE-4CFD-B088-335EC878F4B4}.Debug|Any CPU.Build.0 = Debug|Any CPU
		{37C66669-40EE-4CFD-B088-335EC878F4B4}.Release|Any CPU.ActiveCfg = Release|Any CPU
		{37C66669-40EE-4CFD-B088-335EC878F4B4}.Release|Any CPU.Build.0 = Release|Any CPU
		{6885ABC3-166A-44D0-B912-D3239796FBBF}.Debug|Any CPU.ActiveCfg = Debug|Any CPU
		{6885ABC3-166A-44D0-B912-D3239796FBBF}.Debug|Any CPU.Build.0 = Debug|Any CPU
		{6885ABC3-166A-44D0-B912-D3239796FBBF}.Release|Any CPU.ActiveCfg = Release|Any CPU
		{6885ABC3-166A-44D0-B912-D3239796FBBF}.Release|Any CPU.Build.0 = Release|Any CPU
		{F4BA8A7F-1561-4189-8849-6ED254D7D7FF}.Debug|Any CPU.ActiveCfg = Debug|Any CPU
		{F4BA8A7F-1561-4189-8849-6ED254D7D7FF}.Debug|Any CPU.Build.0 = Debug|Any CPU
		{F4BA8A7F-1561-4189-8849-6ED254D7D7FF}.Release|Any CPU.ActiveCfg = Release|Any CPU
		{F4BA8A7F-1561-4189-8849-6ED254D7D7FF}.Release|Any CPU.Build.0 = Release|Any CPU
		{AD56A2C5-B2ED-4919-BA18-C1AB9E1CB45C}.Debug|Any CPU.ActiveCfg = Debug|Any CPU
		{AD56A2C5-B2ED-4919-BA18-C1AB9E1CB45C}.Debug|Any CPU.Build.0 = Debug|Any CPU
		{AD56A2C5-B2ED-4919-BA18-C1AB9E1CB45C}.Release|Any CPU.ActiveCfg = Release|Any CPU
		{AD56A2C5-B2ED-4919-BA18-C1AB9E1CB45C}.Release|Any CPU.Build.0 = Release|Any CPU
		{856FC801-D48C-4907-84CB-16A006FD527C}.Debug|Any CPU.ActiveCfg = Debug|Any CPU
		{856FC801-D48C-4907-84CB-16A006FD527C}.Debug|Any CPU.Build.0 = Debug|Any CPU
		{856FC801-D48C-4907-84CB-16A006FD527C}.Release|Any CPU.ActiveCfg = Release|Any CPU
		{856FC801-D48C-4907-84CB-16A006FD527C}.Release|Any CPU.Build.0 = Release|Any CPU
		{648C86E4-48EC-4974-BF80-8CEDA444A6B4}.Debug|Any CPU.ActiveCfg = Debug|Any CPU
		{648C86E4-48EC-4974-BF80-8CEDA444A6B4}.Debug|Any CPU.Build.0 = Debug|Any CPU
		{648C86E4-48EC-4974-BF80-8CEDA444A6B4}.Release|Any CPU.ActiveCfg = Release|Any CPU
		{648C86E4-48EC-4974-BF80-8CEDA444A6B4}.Release|Any CPU.Build.0 = Release|Any CPU
		{F614B6F5-203E-4C5E-8BAF-DC0937AFBD70}.Debug|Any CPU.ActiveCfg = Debug|Any CPU
		{F614B6F5-203E-4C5E-8BAF-DC0937AFBD70}.Debug|Any CPU.Build.0 = Debug|Any CPU
		{F614B6F5-203E-4C5E-8BAF-DC0937AFBD70}.Release|Any CPU.ActiveCfg = Release|Any CPU
		{F614B6F5-203E-4C5E-8BAF-DC0937AFBD70}.Release|Any CPU.Build.0 = Release|Any CPU
		{21FB55C3-A007-4F30-9CE3-5743BD56C97D}.Debug|Any CPU.ActiveCfg = Debug|Any CPU
		{21FB55C3-A007-4F30-9CE3-5743BD56C97D}.Debug|Any CPU.Build.0 = Debug|Any CPU
		{21FB55C3-A007-4F30-9CE3-5743BD56C97D}.Release|Any CPU.ActiveCfg = Release|Any CPU
		{21FB55C3-A007-4F30-9CE3-5743BD56C97D}.Release|Any CPU.Build.0 = Release|Any CPU
		{9E968850-39F9-41EB-9410-97A005720C94}.Debug|Any CPU.ActiveCfg = Debug|Any CPU
		{9E968850-39F9-41EB-9410-97A005720C94}.Debug|Any CPU.Build.0 = Debug|Any CPU
		{9E968850-39F9-41EB-9410-97A005720C94}.Release|Any CPU.ActiveCfg = Release|Any CPU
		{9E968850-39F9-41EB-9410-97A005720C94}.Release|Any CPU.Build.0 = Release|Any CPU
		{A77D7E7B-058D-42C6-852D-71C856AA0F3D}.Debug|Any CPU.ActiveCfg = Debug|Any CPU
		{A77D7E7B-058D-42C6-852D-71C856AA0F3D}.Debug|Any CPU.Build.0 = Debug|Any CPU
		{A77D7E7B-058D-42C6-852D-71C856AA0F3D}.Release|Any CPU.ActiveCfg = Release|Any CPU
		{A77D7E7B-058D-42C6-852D-71C856AA0F3D}.Release|Any CPU.Build.0 = Release|Any CPU
		{70636DF6-2842-47C0-81AF-CF3EBD60BA6A}.Debug|Any CPU.ActiveCfg = Debug|Any CPU
		{70636DF6-2842-47C0-81AF-CF3EBD60BA6A}.Debug|Any CPU.Build.0 = Debug|Any CPU
		{70636DF6-2842-47C0-81AF-CF3EBD60BA6A}.Release|Any CPU.ActiveCfg = Release|Any CPU
		{70636DF6-2842-47C0-81AF-CF3EBD60BA6A}.Release|Any CPU.Build.0 = Release|Any CPU
		{78010C80-64FA-4255-8838-A349B4583726}.Debug|Any CPU.ActiveCfg = Debug|Any CPU
		{78010C80-64FA-4255-8838-A349B4583726}.Debug|Any CPU.Build.0 = Debug|Any CPU
		{78010C80-64FA-4255-8838-A349B4583726}.Release|Any CPU.ActiveCfg = Release|Any CPU
		{78010C80-64FA-4255-8838-A349B4583726}.Release|Any CPU.Build.0 = Release|Any CPU
		{E067A8D7-6CDD-42AB-9C2A-C2B7DECCCC03}.Debug|Any CPU.ActiveCfg = Debug|Any CPU
		{E067A8D7-6CDD-42AB-9C2A-C2B7DECCCC03}.Debug|Any CPU.Build.0 = Debug|Any CPU
		{E067A8D7-6CDD-42AB-9C2A-C2B7DECCCC03}.Release|Any CPU.ActiveCfg = Release|Any CPU
		{E067A8D7-6CDD-42AB-9C2A-C2B7DECCCC03}.Release|Any CPU.Build.0 = Release|Any CPU
		{E45B22FA-A689-4B90-AF65-2202653488FA}.Debug|Any CPU.ActiveCfg = Debug|Any CPU
		{E45B22FA-A689-4B90-AF65-2202653488FA}.Debug|Any CPU.Build.0 = Debug|Any CPU
		{E45B22FA-A689-4B90-AF65-2202653488FA}.Release|Any CPU.ActiveCfg = Release|Any CPU
		{E45B22FA-A689-4B90-AF65-2202653488FA}.Release|Any CPU.Build.0 = Release|Any CPU
		{40D8FFB0-5AD4-410A-9262-9ED665C5C5C6}.Debug|Any CPU.ActiveCfg = Debug|Any CPU
		{40D8FFB0-5AD4-410A-9262-9ED665C5C5C6}.Debug|Any CPU.Build.0 = Debug|Any CPU
		{40D8FFB0-5AD4-410A-9262-9ED665C5C5C6}.Release|Any CPU.ActiveCfg = Release|Any CPU
		{40D8FFB0-5AD4-410A-9262-9ED665C5C5C6}.Release|Any CPU.Build.0 = Release|Any CPU
		{DB8A2DF5-7AD2-43AE-AAD0-93DB20D6DB96}.Debug|Any CPU.ActiveCfg = Debug|Any CPU
		{DB8A2DF5-7AD2-43AE-AAD0-93DB20D6DB96}.Debug|Any CPU.Build.0 = Debug|Any CPU
		{DB8A2DF5-7AD2-43AE-AAD0-93DB20D6DB96}.Release|Any CPU.ActiveCfg = Release|Any CPU
		{DB8A2DF5-7AD2-43AE-AAD0-93DB20D6DB96}.Release|Any CPU.Build.0 = Release|Any CPU
		{38696800-F40A-4BE6-8754-E6D9022D10E7}.Debug|Any CPU.ActiveCfg = Debug|Any CPU
		{38696800-F40A-4BE6-8754-E6D9022D10E7}.Debug|Any CPU.Build.0 = Debug|Any CPU
		{38696800-F40A-4BE6-8754-E6D9022D10E7}.Release|Any CPU.ActiveCfg = Release|Any CPU
		{38696800-F40A-4BE6-8754-E6D9022D10E7}.Release|Any CPU.Build.0 = Release|Any CPU
		{A5602DE3-6C8F-4988-93DC-97E66930DCA8}.Debug|Any CPU.ActiveCfg = Debug|Any CPU
		{A5602DE3-6C8F-4988-93DC-97E66930DCA8}.Debug|Any CPU.Build.0 = Debug|Any CPU
		{A5602DE3-6C8F-4988-93DC-97E66930DCA8}.Release|Any CPU.ActiveCfg = Release|Any CPU
		{A5602DE3-6C8F-4988-93DC-97E66930DCA8}.Release|Any CPU.Build.0 = Release|Any CPU
	EndGlobalSection
	GlobalSection(SolutionProperties) = preSolution
		HideSolutionNode = FALSE
	EndGlobalSection
	GlobalSection(NestedProjects) = preSolution
		{699B12F7-BC57-4561-B28A-8CF0C384260A} = {32DA0DC2-E695-4F60-8423-7ECF4ED8BD66}
		{CF4A7C12-CFCD-4B42-B4E5-F00B740B336B} = {32DA0DC2-E695-4F60-8423-7ECF4ED8BD66}
		{290A471A-3C86-4603-AE88-AE305E8FABF5} = {32DA0DC2-E695-4F60-8423-7ECF4ED8BD66}
		{6EAF4AA3-4C2C-411D-A7A0-61EB346C259F} = {32DA0DC2-E695-4F60-8423-7ECF4ED8BD66}
		{F4A1A495-8A29-4F78-B7DE-62280149FC3F} = {32DA0DC2-E695-4F60-8423-7ECF4ED8BD66}
		{1B5AC042-B9DF-41F2-9956-950069BD3884} = {32DA0DC2-E695-4F60-8423-7ECF4ED8BD66}
		{4857E63E-904D-4F6E-BEA8-D18B418A9793} = {32DA0DC2-E695-4F60-8423-7ECF4ED8BD66}
		{5F439A4E-45CC-4CEC-BA6D-E5D8101D37CF} = {32DA0DC2-E695-4F60-8423-7ECF4ED8BD66}
		{F866233B-765D-4EFE-A89A-4FE10F97AC04} = {32DA0DC2-E695-4F60-8423-7ECF4ED8BD66}
		{193DFAD0-ADB9-458B-84B8-A58A1FAF7CC3} = {32DA0DC2-E695-4F60-8423-7ECF4ED8BD66}
		{DE63D15B-411D-44D8-9117-395BA294B3E9} = {32DA0DC2-E695-4F60-8423-7ECF4ED8BD66}
		{2CD0D5A5-9514-4306-BFB6-C9A5C2F7854E} = {AD7B78E2-EDE2-4DEB-8B5A-D5BB282D4753}
		{7EC7894C-3DC2-4353-8728-36DCB2051793} = {AD7B78E2-EDE2-4DEB-8B5A-D5BB282D4753}
		{BAEBE156-7982-43E0-AD74-A663A90EBA51} = {AD7B78E2-EDE2-4DEB-8B5A-D5BB282D4753}
		{C5BC6543-38F2-4C7C-9CF7-95855214C9DA} = {AD7B78E2-EDE2-4DEB-8B5A-D5BB282D4753}
		{17C93383-2511-45D5-9C1A-40010ECC6A9E} = {AD7B78E2-EDE2-4DEB-8B5A-D5BB282D4753}
		{34EAEC09-DD65-47F2-B9C6-4D2B0BB721DB} = {AD7B78E2-EDE2-4DEB-8B5A-D5BB282D4753}
		{E5B00FE7-1BC7-444F-89A1-510E61F61734} = {AD7B78E2-EDE2-4DEB-8B5A-D5BB282D4753}
		{8499993E-0714-4075-9F9B-70D45A310873} = {CF4A7C12-CFCD-4B42-B4E5-F00B740B336B}
		{D810E965-3BDF-4EDB-A74C-40D0DA1431E0} = {699B12F7-BC57-4561-B28A-8CF0C384260A}
		{08F3D558-14DE-4502-82CF-653EB5AAE37E} = {290A471A-3C86-4603-AE88-AE305E8FABF5}
		{5732149A-D448-4A45-9D8E-EFEF98FEA2F3} = {6EAF4AA3-4C2C-411D-A7A0-61EB346C259F}
		{63F4C387-28C1-417F-A06C-5DC9C759EA0A} = {6EAF4AA3-4C2C-411D-A7A0-61EB346C259F}
		{ED9AB3E5-F9B2-4282-9EA9-9C261BD4CD28} = {6EAF4AA3-4C2C-411D-A7A0-61EB346C259F}
		{1E19D343-2D20-4C41-95DE-4B623374103F} = {6EAF4AA3-4C2C-411D-A7A0-61EB346C259F}
		{1A2BF428-55EB-4084-8030-0909CB964F3E} = {663FD430-6066-4BAD-B981-3C81A0BE75FF}
		{20BAB564-3F17-4614-A5B3-757663633113} = {6EAF4AA3-4C2C-411D-A7A0-61EB346C259F}
		{0454EC06-5AC1-45ED-80C8-BFCA97762C2E} = {290A471A-3C86-4603-AE88-AE305E8FABF5}
		{19E44816-802B-44BE-AAE6-14C5F746A661} = {6EAF4AA3-4C2C-411D-A7A0-61EB346C259F}
		{13A602B6-4763-42DE-914F-765C3B2DBCC9} = {F4A1A495-8A29-4F78-B7DE-62280149FC3F}
		{F526EE8A-7DBA-4B4F-A1BE-EA79DA506FF1} = {CF4A7C12-CFCD-4B42-B4E5-F00B740B336B}
		{5184E610-FCA1-46B6-B44C-6694D915C4EC} = {F4A1A495-8A29-4F78-B7DE-62280149FC3F}
		{E3B1135B-51F0-4D3A-8C85-30835FF855A2} = {1B5AC042-B9DF-41F2-9956-950069BD3884}
		{FCC2E7ED-CEF3-4755-9D58-3029EC448B48} = {4857E63E-904D-4F6E-BEA8-D18B418A9793}
		{D7BD37C6-BC6D-4C6D-BF94-BE17776DA2A2} = {4857E63E-904D-4F6E-BEA8-D18B418A9793}
		{5F9D37EF-0234-4A51-ABB0-4C7D1786D858} = {5F439A4E-45CC-4CEC-BA6D-E5D8101D37CF}
		{70B46CF7-B45D-4C9B-8F8A-DE5EE9AD92E7} = {5F439A4E-45CC-4CEC-BA6D-E5D8101D37CF}
		{69FC04B8-493C-4934-A5C3-B0407ABA7AC8} = {663FD430-6066-4BAD-B981-3C81A0BE75FF}
		{1BDED6C2-EDDC-4C57-A061-BF0158FE5207} = {663FD430-6066-4BAD-B981-3C81A0BE75FF}
		{5E3CC906-7ABE-470C-B38E-A5107EA4DDE2} = {F866233B-765D-4EFE-A89A-4FE10F97AC04}
		{BACCD068-554D-4CC8-B494-8074205C1A73} = {F866233B-765D-4EFE-A89A-4FE10F97AC04}
		{C3C3E437-1B66-4E26-9286-BAB88832413E} = {193DFAD0-ADB9-458B-84B8-A58A1FAF7CC3}
		{A95B3C93-525B-4AAA-85F6-392D652D8420} = {DE63D15B-411D-44D8-9117-395BA294B3E9}
		{9889C2BC-6221-4337-9572-5C234BFC453F} = {2CD0D5A5-9514-4306-BFB6-C9A5C2F7854E}
		{641469C1-8DEC-4738-BEF6-D82C5CB7E998} = {663FD430-6066-4BAD-B981-3C81A0BE75FF}
		{9DD0BF81-8F60-4D8E-870D-67C91F5037C1} = {BAEBE156-7982-43E0-AD74-A663A90EBA51}
		{EAA65EFB-0544-493D-B726-BCB046C23EF2} = {34EAEC09-DD65-47F2-B9C6-4D2B0BB721DB}
		{1D5AABF6-564C-498F-9A77-49A11D9F2D11} = {7EC7894C-3DC2-4353-8728-36DCB2051793}
		{19B2D5D7-7DDB-42F2-B2D3-92125980B959} = {BAEBE156-7982-43E0-AD74-A663A90EBA51}
		{BB01B371-03B6-4217-A289-48F116ADC569} = {7EC7894C-3DC2-4353-8728-36DCB2051793}
		{A7768AB5-84EC-4362-821C-E7565414425F} = {BAEBE156-7982-43E0-AD74-A663A90EBA51}
		{74CBFC6B-FCBA-423E-9AD0-9C105E7B1CE2} = {BAEBE156-7982-43E0-AD74-A663A90EBA51}
		{C41A8839-E7D0-44F9-8402-0E7EA4082ABB} = {C5BC6543-38F2-4C7C-9CF7-95855214C9DA}
		{FBE65CCD-40CE-4A80-84E8-DE9C6A3D885F} = {17C93383-2511-45D5-9C1A-40010ECC6A9E}
		{5F155B77-EB8E-4DC5-98CF-C1A1DF342D89} = {34EAEC09-DD65-47F2-B9C6-4D2B0BB721DB}
		{B09F1022-FCCB-4308-AA85-41FA2F6C5937} = {5F439A4E-45CC-4CEC-BA6D-E5D8101D37CF}
		{C7CF0707-095F-4163-ACF1-0036CDC6CF5F} = {34EAEC09-DD65-47F2-B9C6-4D2B0BB721DB}
		{A2C4B7D0-0E03-4C6D-A43F-47ACC2644D5E} = {E5B00FE7-1BC7-444F-89A1-510E61F61734}
		{9CC73F75-B59C-4815-80BC-DC0A5AC0DC7B} = {17C93383-2511-45D5-9C1A-40010ECC6A9E}
		{27DE0181-4423-477C-B8D3-E0786D944898} = {17C93383-2511-45D5-9C1A-40010ECC6A9E}
		{2237573E-FD68-4F6E-81B8-1340F54DAC12} = {E5B00FE7-1BC7-444F-89A1-510E61F61734}
		{920C1BD7-85AD-4911-9AD6-26C8D961B962} = {663FD430-6066-4BAD-B981-3C81A0BE75FF}
		{3E5F850B-7D72-4606-9342-73C1ABFCE09E} = {663FD430-6066-4BAD-B981-3C81A0BE75FF}
		{37C66669-40EE-4CFD-B088-335EC878F4B4} = {C5BC6543-38F2-4C7C-9CF7-95855214C9DA}
		{6885ABC3-166A-44D0-B912-D3239796FBBF} = {4297D3CB-79E1-44AA-827B-B06C0993B321}
		{F4BA8A7F-1561-4189-8849-6ED254D7D7FF} = {37A48286-1BF3-4513-A746-14CBC4FD8003}
		{AD56A2C5-B2ED-4919-BA18-C1AB9E1CB45C} = {4297D3CB-79E1-44AA-827B-B06C0993B321}
		{856FC801-D48C-4907-84CB-16A006FD527C} = {4297D3CB-79E1-44AA-827B-B06C0993B321}
		{648C86E4-48EC-4974-BF80-8CEDA444A6B4} = {37A48286-1BF3-4513-A746-14CBC4FD8003}
		{F614B6F5-203E-4C5E-8BAF-DC0937AFBD70} = {37A48286-1BF3-4513-A746-14CBC4FD8003}
		{21FB55C3-A007-4F30-9CE3-5743BD56C97D} = {4297D3CB-79E1-44AA-827B-B06C0993B321}
		{9E968850-39F9-41EB-9410-97A005720C94} = {663FD430-6066-4BAD-B981-3C81A0BE75FF}
		{A77D7E7B-058D-42C6-852D-71C856AA0F3D} = {4297D3CB-79E1-44AA-827B-B06C0993B321}
		{70636DF6-2842-47C0-81AF-CF3EBD60BA6A} = {37A48286-1BF3-4513-A746-14CBC4FD8003}
		{78010C80-64FA-4255-8838-A349B4583726} = {C5BC6543-38F2-4C7C-9CF7-95855214C9DA}
		{E067A8D7-6CDD-42AB-9C2A-C2B7DECCCC03} = {C5BC6543-38F2-4C7C-9CF7-95855214C9DA}
		{4297D3CB-79E1-44AA-827B-B06C0993B321} = {37A48286-1BF3-4513-A746-14CBC4FD8003}
		{E45B22FA-A689-4B90-AF65-2202653488FA} = {34EAEC09-DD65-47F2-B9C6-4D2B0BB721DB}
		{40D8FFB0-5AD4-410A-9262-9ED665C5C5C6} = {17C93383-2511-45D5-9C1A-40010ECC6A9E}
		{DB8A2DF5-7AD2-43AE-AAD0-93DB20D6DB96} = {CF4A7C12-CFCD-4B42-B4E5-F00B740B336B}
		{38696800-F40A-4BE6-8754-E6D9022D10E7} = {699B12F7-BC57-4561-B28A-8CF0C384260A}
		{A5602DE3-6C8F-4988-93DC-97E66930DCA8} = {193DFAD0-ADB9-458B-84B8-A58A1FAF7CC3}
	EndGlobalSection
	GlobalSection(ExtensibilityGlobals) = postSolution
		SolutionGuid = {DAB82BBE-8FB8-457E-AC1B-37E6ED9D4203}
	EndGlobalSection
EndGlobal
