Microsoft Visual Studio Solution File, Format Version 12.00
# Visual Studio 15
VisualStudioVersion = 15.0.26430.14
MinimumVisualStudioVersion = 10.0.40219.1
Project("{9A19103F-16F7-4668-BE54-9A1E7A4F7556}") = "Meta.Core.Floor", "..\Meta.Core.Floor\Meta.Core.Floor.csproj", "{8499993E-0714-4075-9F9B-70D45A310873}"
EndProject
Project("{9A19103F-16F7-4668-BE54-9A1E7A4F7556}") = "Meta.Core.Basement", "..\Meta.Core.Basement\Meta.Core.Basement.csproj", "{D810E965-3BDF-4EDB-A74C-40D0DA1431E0}"
EndProject
Project("{2150E333-8FDC-42A3-9474-1A3956D46DE8}") = ".config", ".config", "{B2BA9B98-FAFA-4800-8192-E98827C9C642}"
	ProjectSection(SolutionItems) = preProject
		..\common.props = ..\common.props
	EndProjectSection
EndProject
Project("{2150E333-8FDC-42A3-9474-1A3956D46DE8}") = "L00", "L00", "{699B12F7-BC57-4561-B28A-8CF0C384260A}"
EndProject
Project("{2150E333-8FDC-42A3-9474-1A3956D46DE8}") = "L05", "L05", "{CF4A7C12-CFCD-4B42-B4E5-F00B740B336B}"
EndProject
Project("{2150E333-8FDC-42A3-9474-1A3956D46DE8}") = "L17", "L17", "{290A471A-3C86-4603-AE88-AE305E8FABF5}"
EndProject
Project("{9A19103F-16F7-4668-BE54-9A1E7A4F7556}") = "Meta.Core", "..\Meta.Core\Meta.Core.csproj", "{08F3D558-14DE-4502-82CF-653EB5AAE37E}"
EndProject
Project("{2150E333-8FDC-42A3-9474-1A3956D46DE8}") = "L15", "L15", "{6EAF4AA3-4C2C-411D-A7A0-61EB346C259F}"
EndProject
Project("{9A19103F-16F7-4668-BE54-9A1E7A4F7556}") = "Meta.Core.ClrSpec", "..\Meta.Core.ClrSpec\Meta.Core.ClrSpec.csproj", "{5732149A-D448-4A45-9D8E-EFEF98FEA2F3}"
EndProject
Project("{9A19103F-16F7-4668-BE54-9A1E7A4F7556}") = "Meta.Core.FileSystem", "..\Meta.Core.FileSystem\Meta.Core.FileSystem.csproj", "{63F4C387-28C1-417F-A06C-5DC9C759EA0A}"
EndProject
Project("{9A19103F-16F7-4668-BE54-9A1E7A4F7556}") = "Meta.Core.Lang", "..\Meta.Core.Lang\Meta.Core.Lang.csproj", "{ED9AB3E5-F9B2-4282-9EA9-9C261BD4CD28}"
EndProject
Project("{9A19103F-16F7-4668-BE54-9A1E7A4F7556}") = "Meta.Core.Workflow", "..\Meta.Core.Workflow\Meta.Core.Workflow.csproj", "{1E19D343-2D20-4C41-95DE-4B623374103F}"
EndProject
Project("{9A19103F-16F7-4668-BE54-9A1E7A4F7556}") = "Meta.Core.Tests", "..\Meta.Core.Tests\Meta.Core.Tests.csproj", "{1A2BF428-55EB-4084-8030-0909CB964F3E}"
EndProject
Project("{9A19103F-16F7-4668-BE54-9A1E7A4F7556}") = "Meta.Core.Agents", "..\Meta.Core.Agents\Meta.Core.Agents.csproj", "{20BAB564-3F17-4614-A5B3-757663633113}"
EndProject
Project("{9A19103F-16F7-4668-BE54-9A1E7A4F7556}") = "Meta.Core.Json", "..\Meta.Core.Json\Meta.Core.Json.csproj", "{0454EC06-5AC1-45ED-80C8-BFCA97762C2E}"
EndProject
Project("{9A19103F-16F7-4668-BE54-9A1E7A4F7556}") = "Meta.Core.Xml", "..\Meta.Core.Xml\Meta.Core.Xml.csproj", "{19E44816-802B-44BE-AAE6-14C5F746A661}"
EndProject
Project("{2150E333-8FDC-42A3-9474-1A3956D46DE8}") = "L25", "L25", "{F4A1A495-8A29-4F78-B7DE-62280149FC3F}"
EndProject
Project("{9A19103F-16F7-4668-BE54-9A1E7A4F7556}") = "Meta.Core.Command", "..\Meta.Core.Command\Meta.Core.Command.csproj", "{13A602B6-4763-42DE-914F-765C3B2DBCC9}"
EndProject
Project("{9A19103F-16F7-4668-BE54-9A1E7A4F7556}") = "Meta.Core.Http", "..\Meta.Core.Http\Meta.Core.Http.csproj", "{689121A6-81F1-4CD2-89B2-8BECD35FCF94}"
EndProject
Project("{9A19103F-16F7-4668-BE54-9A1E7A4F7556}") = "Meta.Core.Synthetics", "..\Meta.Core.Synthetics\Meta.Core.Synthetics.csproj", "{F526EE8A-7DBA-4B4F-A1BE-EA79DA506FF1}"
EndProject
Project("{9A19103F-16F7-4668-BE54-9A1E7A4F7556}") = "Meta.Core.Messaging", "..\Meta.Core.Messaging\Meta.Core.Messaging.csproj", "{5184E610-FCA1-46B6-B44C-6694D915C4EC}"
EndProject
Project("{2150E333-8FDC-42A3-9474-1A3956D46DE8}") = "L35", "L35", "{1B5AC042-B9DF-41F2-9956-950069BD3884}"
EndProject
Project("{9A19103F-16F7-4668-BE54-9A1E7A4F7556}") = "Meta.Core.Processes", "..\Meta.Core.Processes\Meta.Core.Processes.csproj", "{E3B1135B-51F0-4D3A-8C85-30835FF855A2}"
EndProject
Project("{2150E333-8FDC-42A3-9474-1A3956D46DE8}") = "L40", "L40", "{4857E63E-904D-4F6E-BEA8-D18B418A9793}"
EndProject
Project("{9A19103F-16F7-4668-BE54-9A1E7A4F7556}") = "Meta.Core.Commands", "..\Meta.Core.Commands\Meta.Core.Commands.csproj", "{FCC2E7ED-CEF3-4755-9D58-3029EC448B48}"
EndProject
Project("{9A19103F-16F7-4668-BE54-9A1E7A4F7556}") = "Meta.Core.Services", "..\Meta.Core.Services\Meta.Core.Services.csproj", "{D7BD37C6-BC6D-4C6D-BF94-BE17776DA2A2}"
EndProject
Project("{2150E333-8FDC-42A3-9474-1A3956D46DE8}") = "L45", "L45", "{5F439A4E-45CC-4CEC-BA6D-E5D8101D37CF}"
EndProject
Project("{9A19103F-16F7-4668-BE54-9A1E7A4F7556}") = "Meta.Core.Executors", "..\Meta.Core.Executors\Meta.Core.Executors.csproj", "{5F9D37EF-0234-4A51-ABB0-4C7D1786D858}"
EndProject
Project("{9A19103F-16F7-4668-BE54-9A1E7A4F7556}") = "Meta.Core.Shells", "..\Meta.Core.Shells\Meta.Core.Shells.csproj", "{70B46CF7-B45D-4C9B-8F8A-DE5EE9AD92E7}"
EndProject
Project("{2150E333-8FDC-42A3-9474-1A3956D46DE8}") = ".shell", ".shell", "{663FD430-6066-4BAD-B981-3C81A0BE75FF}"
EndProject
Project("{9A19103F-16F7-4668-BE54-9A1E7A4F7556}") = "Meta.Core.Operations", "..\Meta.Core.Operations\Meta.Core.Operations.csproj", "{69FC04B8-493C-4934-A5C3-B0407ABA7AC8}"
EndProject
Project("{9A19103F-16F7-4668-BE54-9A1E7A4F7556}") = "Meta.Core.Shell", "..\Meta.Core.Shell\Meta.Core.Shell.csproj", "{1BDED6C2-EDDC-4C57-A061-BF0158FE5207}"
EndProject
Project("{9A19103F-16F7-4668-BE54-9A1E7A4F7556}") = "Meta.Core.Web", "..\Meta.Core.Web\Meta.Core.Web.csproj", "{4849B696-D128-4136-B57B-66CB4A27351E}"
EndProject
Project("{9A19103F-16F7-4668-BE54-9A1E7A4F7556}") = "Meta.Core.Collections", "..\Meta.Core.Collections\Meta.Core.Collections.csproj", "{5E3CC906-7ABE-470C-B38E-A5107EA4DDE2}"
EndProject
Project("{2150E333-8FDC-42A3-9474-1A3956D46DE8}") = "L01", "L01", "{F866233B-765D-4EFE-A89A-4FE10F97AC04}"
EndProject
Project("{9A19103F-16F7-4668-BE54-9A1E7A4F7556}") = "Meta.Core.Substructure", "..\Meta.Core.Substructure\Meta.Core.Substructure.csproj", "{BACCD068-554D-4CC8-B494-8074205C1A73}"
EndProject
Project("{2150E333-8FDC-42A3-9474-1A3956D46DE8}") = "L10", "L10", "{193DFAD0-ADB9-458B-84B8-A58A1FAF7CC3}"
EndProject
Project("{9A19103F-16F7-4668-BE54-9A1E7A4F7556}") = "Meta.Core.Etude", "..\Meta.Core.Etude\Meta.Core.Etude.csproj", "{C3C3E437-1B66-4E26-9286-BAB88832413E}"
EndProject
Global
	GlobalSection(SolutionConfigurationPlatforms) = preSolution
		Debug|Any CPU = Debug|Any CPU
		Release|Any CPU = Release|Any CPU
	EndGlobalSection
	GlobalSection(ProjectConfigurationPlatforms) = postSolution
		{8499993E-0714-4075-9F9B-70D45A310873}.Debug|Any CPU.ActiveCfg = Debug|Any CPU
		{8499993E-0714-4075-9F9B-70D45A310873}.Debug|Any CPU.Build.0 = Debug|Any CPU
		{8499993E-0714-4075-9F9B-70D45A310873}.Release|Any CPU.ActiveCfg = Release|Any CPU
		{8499993E-0714-4075-9F9B-70D45A310873}.Release|Any CPU.Build.0 = Release|Any CPU
		{D810E965-3BDF-4EDB-A74C-40D0DA1431E0}.Debug|Any CPU.ActiveCfg = Debug|Any CPU
		{D810E965-3BDF-4EDB-A74C-40D0DA1431E0}.Debug|Any CPU.Build.0 = Debug|Any CPU
		{D810E965-3BDF-4EDB-A74C-40D0DA1431E0}.Release|Any CPU.ActiveCfg = Release|Any CPU
		{D810E965-3BDF-4EDB-A74C-40D0DA1431E0}.Release|Any CPU.Build.0 = Release|Any CPU
		{08F3D558-14DE-4502-82CF-653EB5AAE37E}.Debug|Any CPU.ActiveCfg = Debug|Any CPU
		{08F3D558-14DE-4502-82CF-653EB5AAE37E}.Debug|Any CPU.Build.0 = Debug|Any CPU
		{08F3D558-14DE-4502-82CF-653EB5AAE37E}.Release|Any CPU.ActiveCfg = Release|Any CPU
		{08F3D558-14DE-4502-82CF-653EB5AAE37E}.Release|Any CPU.Build.0 = Release|Any CPU
		{5732149A-D448-4A45-9D8E-EFEF98FEA2F3}.Debug|Any CPU.ActiveCfg = Debug|Any CPU
		{5732149A-D448-4A45-9D8E-EFEF98FEA2F3}.Debug|Any CPU.Build.0 = Debug|Any CPU
		{5732149A-D448-4A45-9D8E-EFEF98FEA2F3}.Release|Any CPU.ActiveCfg = Release|Any CPU
		{5732149A-D448-4A45-9D8E-EFEF98FEA2F3}.Release|Any CPU.Build.0 = Release|Any CPU
		{63F4C387-28C1-417F-A06C-5DC9C759EA0A}.Debug|Any CPU.ActiveCfg = Debug|Any CPU
		{63F4C387-28C1-417F-A06C-5DC9C759EA0A}.Debug|Any CPU.Build.0 = Debug|Any CPU
		{63F4C387-28C1-417F-A06C-5DC9C759EA0A}.Release|Any CPU.ActiveCfg = Release|Any CPU
		{63F4C387-28C1-417F-A06C-5DC9C759EA0A}.Release|Any CPU.Build.0 = Release|Any CPU
		{ED9AB3E5-F9B2-4282-9EA9-9C261BD4CD28}.Debug|Any CPU.ActiveCfg = Debug|Any CPU
		{ED9AB3E5-F9B2-4282-9EA9-9C261BD4CD28}.Debug|Any CPU.Build.0 = Debug|Any CPU
		{ED9AB3E5-F9B2-4282-9EA9-9C261BD4CD28}.Release|Any CPU.ActiveCfg = Release|Any CPU
		{ED9AB3E5-F9B2-4282-9EA9-9C261BD4CD28}.Release|Any CPU.Build.0 = Release|Any CPU
		{1E19D343-2D20-4C41-95DE-4B623374103F}.Debug|Any CPU.ActiveCfg = Debug|Any CPU
		{1E19D343-2D20-4C41-95DE-4B623374103F}.Debug|Any CPU.Build.0 = Debug|Any CPU
		{1E19D343-2D20-4C41-95DE-4B623374103F}.Release|Any CPU.ActiveCfg = Release|Any CPU
		{1E19D343-2D20-4C41-95DE-4B623374103F}.Release|Any CPU.Build.0 = Release|Any CPU
		{1A2BF428-55EB-4084-8030-0909CB964F3E}.Debug|Any CPU.ActiveCfg = Debug|Any CPU
		{1A2BF428-55EB-4084-8030-0909CB964F3E}.Debug|Any CPU.Build.0 = Debug|Any CPU
		{1A2BF428-55EB-4084-8030-0909CB964F3E}.Release|Any CPU.ActiveCfg = Release|Any CPU
		{1A2BF428-55EB-4084-8030-0909CB964F3E}.Release|Any CPU.Build.0 = Release|Any CPU
		{20BAB564-3F17-4614-A5B3-757663633113}.Debug|Any CPU.ActiveCfg = Debug|Any CPU
		{20BAB564-3F17-4614-A5B3-757663633113}.Debug|Any CPU.Build.0 = Debug|Any CPU
		{20BAB564-3F17-4614-A5B3-757663633113}.Release|Any CPU.ActiveCfg = Release|Any CPU
		{20BAB564-3F17-4614-A5B3-757663633113}.Release|Any CPU.Build.0 = Release|Any CPU
		{0454EC06-5AC1-45ED-80C8-BFCA97762C2E}.Debug|Any CPU.ActiveCfg = Debug|Any CPU
		{0454EC06-5AC1-45ED-80C8-BFCA97762C2E}.Debug|Any CPU.Build.0 = Debug|Any CPU
		{0454EC06-5AC1-45ED-80C8-BFCA97762C2E}.Release|Any CPU.ActiveCfg = Release|Any CPU
		{0454EC06-5AC1-45ED-80C8-BFCA97762C2E}.Release|Any CPU.Build.0 = Release|Any CPU
		{19E44816-802B-44BE-AAE6-14C5F746A661}.Debug|Any CPU.ActiveCfg = Debug|Any CPU
		{19E44816-802B-44BE-AAE6-14C5F746A661}.Debug|Any CPU.Build.0 = Debug|Any CPU
		{19E44816-802B-44BE-AAE6-14C5F746A661}.Release|Any CPU.ActiveCfg = Release|Any CPU
		{19E44816-802B-44BE-AAE6-14C5F746A661}.Release|Any CPU.Build.0 = Release|Any CPU
		{13A602B6-4763-42DE-914F-765C3B2DBCC9}.Debug|Any CPU.ActiveCfg = Debug|Any CPU
		{13A602B6-4763-42DE-914F-765C3B2DBCC9}.Debug|Any CPU.Build.0 = Debug|Any CPU
		{13A602B6-4763-42DE-914F-765C3B2DBCC9}.Release|Any CPU.ActiveCfg = Release|Any CPU
		{13A602B6-4763-42DE-914F-765C3B2DBCC9}.Release|Any CPU.Build.0 = Release|Any CPU
		{689121A6-81F1-4CD2-89B2-8BECD35FCF94}.Debug|Any CPU.ActiveCfg = Debug|Any CPU
		{689121A6-81F1-4CD2-89B2-8BECD35FCF94}.Debug|Any CPU.Build.0 = Debug|Any CPU
		{689121A6-81F1-4CD2-89B2-8BECD35FCF94}.Release|Any CPU.ActiveCfg = Release|Any CPU
		{689121A6-81F1-4CD2-89B2-8BECD35FCF94}.Release|Any CPU.Build.0 = Release|Any CPU
		{F526EE8A-7DBA-4B4F-A1BE-EA79DA506FF1}.Debug|Any CPU.ActiveCfg = Debug|Any CPU
		{F526EE8A-7DBA-4B4F-A1BE-EA79DA506FF1}.Debug|Any CPU.Build.0 = Debug|Any CPU
		{F526EE8A-7DBA-4B4F-A1BE-EA79DA506FF1}.Release|Any CPU.ActiveCfg = Release|Any CPU
		{F526EE8A-7DBA-4B4F-A1BE-EA79DA506FF1}.Release|Any CPU.Build.0 = Release|Any CPU
		{5184E610-FCA1-46B6-B44C-6694D915C4EC}.Debug|Any CPU.ActiveCfg = Debug|Any CPU
		{5184E610-FCA1-46B6-B44C-6694D915C4EC}.Debug|Any CPU.Build.0 = Debug|Any CPU
		{5184E610-FCA1-46B6-B44C-6694D915C4EC}.Release|Any CPU.ActiveCfg = Release|Any CPU
		{5184E610-FCA1-46B6-B44C-6694D915C4EC}.Release|Any CPU.Build.0 = Release|Any CPU
		{E3B1135B-51F0-4D3A-8C85-30835FF855A2}.Debug|Any CPU.ActiveCfg = Debug|Any CPU
		{E3B1135B-51F0-4D3A-8C85-30835FF855A2}.Debug|Any CPU.Build.0 = Debug|Any CPU
		{E3B1135B-51F0-4D3A-8C85-30835FF855A2}.Release|Any CPU.ActiveCfg = Release|Any CPU
		{E3B1135B-51F0-4D3A-8C85-30835FF855A2}.Release|Any CPU.Build.0 = Release|Any CPU
		{FCC2E7ED-CEF3-4755-9D58-3029EC448B48}.Debug|Any CPU.ActiveCfg = Debug|Any CPU
		{FCC2E7ED-CEF3-4755-9D58-3029EC448B48}.Debug|Any CPU.Build.0 = Debug|Any CPU
		{FCC2E7ED-CEF3-4755-9D58-3029EC448B48}.Release|Any CPU.ActiveCfg = Release|Any CPU
		{FCC2E7ED-CEF3-4755-9D58-3029EC448B48}.Release|Any CPU.Build.0 = Release|Any CPU
		{D7BD37C6-BC6D-4C6D-BF94-BE17776DA2A2}.Debug|Any CPU.ActiveCfg = Debug|Any CPU
		{D7BD37C6-BC6D-4C6D-BF94-BE17776DA2A2}.Debug|Any CPU.Build.0 = Debug|Any CPU
		{D7BD37C6-BC6D-4C6D-BF94-BE17776DA2A2}.Release|Any CPU.ActiveCfg = Release|Any CPU
		{D7BD37C6-BC6D-4C6D-BF94-BE17776DA2A2}.Release|Any CPU.Build.0 = Release|Any CPU
		{5F9D37EF-0234-4A51-ABB0-4C7D1786D858}.Debug|Any CPU.ActiveCfg = Debug|Any CPU
		{5F9D37EF-0234-4A51-ABB0-4C7D1786D858}.Debug|Any CPU.Build.0 = Debug|Any CPU
		{5F9D37EF-0234-4A51-ABB0-4C7D1786D858}.Release|Any CPU.ActiveCfg = Release|Any CPU
		{5F9D37EF-0234-4A51-ABB0-4C7D1786D858}.Release|Any CPU.Build.0 = Release|Any CPU
		{70B46CF7-B45D-4C9B-8F8A-DE5EE9AD92E7}.Debug|Any CPU.ActiveCfg = Debug|Any CPU
		{70B46CF7-B45D-4C9B-8F8A-DE5EE9AD92E7}.Debug|Any CPU.Build.0 = Debug|Any CPU
		{70B46CF7-B45D-4C9B-8F8A-DE5EE9AD92E7}.Release|Any CPU.ActiveCfg = Release|Any CPU
		{70B46CF7-B45D-4C9B-8F8A-DE5EE9AD92E7}.Release|Any CPU.Build.0 = Release|Any CPU
		{69FC04B8-493C-4934-A5C3-B0407ABA7AC8}.Debug|Any CPU.ActiveCfg = Debug|Any CPU
		{69FC04B8-493C-4934-A5C3-B0407ABA7AC8}.Debug|Any CPU.Build.0 = Debug|Any CPU
		{69FC04B8-493C-4934-A5C3-B0407ABA7AC8}.Release|Any CPU.ActiveCfg = Release|Any CPU
		{69FC04B8-493C-4934-A5C3-B0407ABA7AC8}.Release|Any CPU.Build.0 = Release|Any CPU
		{1BDED6C2-EDDC-4C57-A061-BF0158FE5207}.Debug|Any CPU.ActiveCfg = Debug|Any CPU
		{1BDED6C2-EDDC-4C57-A061-BF0158FE5207}.Debug|Any CPU.Build.0 = Debug|Any CPU
		{1BDED6C2-EDDC-4C57-A061-BF0158FE5207}.Release|Any CPU.ActiveCfg = Release|Any CPU
		{1BDED6C2-EDDC-4C57-A061-BF0158FE5207}.Release|Any CPU.Build.0 = Release|Any CPU
		{4849B696-D128-4136-B57B-66CB4A27351E}.Debug|Any CPU.ActiveCfg = Debug|Any CPU
		{4849B696-D128-4136-B57B-66CB4A27351E}.Debug|Any CPU.Build.0 = Debug|Any CPU
		{4849B696-D128-4136-B57B-66CB4A27351E}.Release|Any CPU.ActiveCfg = Release|Any CPU
		{4849B696-D128-4136-B57B-66CB4A27351E}.Release|Any CPU.Build.0 = Release|Any CPU
		{5E3CC906-7ABE-470C-B38E-A5107EA4DDE2}.Debug|Any CPU.ActiveCfg = Debug|Any CPU
		{5E3CC906-7ABE-470C-B38E-A5107EA4DDE2}.Debug|Any CPU.Build.0 = Debug|Any CPU
		{5E3CC906-7ABE-470C-B38E-A5107EA4DDE2}.Release|Any CPU.ActiveCfg = Release|Any CPU
		{5E3CC906-7ABE-470C-B38E-A5107EA4DDE2}.Release|Any CPU.Build.0 = Release|Any CPU
		{BACCD068-554D-4CC8-B494-8074205C1A73}.Debug|Any CPU.ActiveCfg = Debug|Any CPU
		{BACCD068-554D-4CC8-B494-8074205C1A73}.Debug|Any CPU.Build.0 = Debug|Any CPU
		{BACCD068-554D-4CC8-B494-8074205C1A73}.Release|Any CPU.ActiveCfg = Release|Any CPU
		{BACCD068-554D-4CC8-B494-8074205C1A73}.Release|Any CPU.Build.0 = Release|Any CPU
		{C3C3E437-1B66-4E26-9286-BAB88832413E}.Debug|Any CPU.ActiveCfg = Debug|Any CPU
		{C3C3E437-1B66-4E26-9286-BAB88832413E}.Debug|Any CPU.Build.0 = Debug|Any CPU
		{C3C3E437-1B66-4E26-9286-BAB88832413E}.Release|Any CPU.ActiveCfg = Release|Any CPU
		{C3C3E437-1B66-4E26-9286-BAB88832413E}.Release|Any CPU.Build.0 = Release|Any CPU
	EndGlobalSection
	GlobalSection(SolutionProperties) = preSolution
		HideSolutionNode = FALSE
	EndGlobalSection
	GlobalSection(NestedProjects) = preSolution
		{8499993E-0714-4075-9F9B-70D45A310873} = {CF4A7C12-CFCD-4B42-B4E5-F00B740B336B}
		{D810E965-3BDF-4EDB-A74C-40D0DA1431E0} = {699B12F7-BC57-4561-B28A-8CF0C384260A}
		{08F3D558-14DE-4502-82CF-653EB5AAE37E} = {290A471A-3C86-4603-AE88-AE305E8FABF5}
		{5732149A-D448-4A45-9D8E-EFEF98FEA2F3} = {6EAF4AA3-4C2C-411D-A7A0-61EB346C259F}
		{63F4C387-28C1-417F-A06C-5DC9C759EA0A} = {6EAF4AA3-4C2C-411D-A7A0-61EB346C259F}
		{ED9AB3E5-F9B2-4282-9EA9-9C261BD4CD28} = {6EAF4AA3-4C2C-411D-A7A0-61EB346C259F}
		{1E19D343-2D20-4C41-95DE-4B623374103F} = {6EAF4AA3-4C2C-411D-A7A0-61EB346C259F}
		{1A2BF428-55EB-4084-8030-0909CB964F3E} = {663FD430-6066-4BAD-B981-3C81A0BE75FF}
		{20BAB564-3F17-4614-A5B3-757663633113} = {6EAF4AA3-4C2C-411D-A7A0-61EB346C259F}
		{0454EC06-5AC1-45ED-80C8-BFCA97762C2E} = {290A471A-3C86-4603-AE88-AE305E8FABF5}
		{19E44816-802B-44BE-AAE6-14C5F746A661} = {6EAF4AA3-4C2C-411D-A7A0-61EB346C259F}
		{13A602B6-4763-42DE-914F-765C3B2DBCC9} = {F4A1A495-8A29-4F78-B7DE-62280149FC3F}
		{689121A6-81F1-4CD2-89B2-8BECD35FCF94} = {F4A1A495-8A29-4F78-B7DE-62280149FC3F}
		{F526EE8A-7DBA-4B4F-A1BE-EA79DA506FF1} = {6EAF4AA3-4C2C-411D-A7A0-61EB346C259F}
		{5184E610-FCA1-46B6-B44C-6694D915C4EC} = {F4A1A495-8A29-4F78-B7DE-62280149FC3F}
		{E3B1135B-51F0-4D3A-8C85-30835FF855A2} = {1B5AC042-B9DF-41F2-9956-950069BD3884}
		{FCC2E7ED-CEF3-4755-9D58-3029EC448B48} = {4857E63E-904D-4F6E-BEA8-D18B418A9793}
		{D7BD37C6-BC6D-4C6D-BF94-BE17776DA2A2} = {4857E63E-904D-4F6E-BEA8-D18B418A9793}
		{5F9D37EF-0234-4A51-ABB0-4C7D1786D858} = {5F439A4E-45CC-4CEC-BA6D-E5D8101D37CF}
		{70B46CF7-B45D-4C9B-8F8A-DE5EE9AD92E7} = {5F439A4E-45CC-4CEC-BA6D-E5D8101D37CF}
		{69FC04B8-493C-4934-A5C3-B0407ABA7AC8} = {663FD430-6066-4BAD-B981-3C81A0BE75FF}
		{1BDED6C2-EDDC-4C57-A061-BF0158FE5207} = {663FD430-6066-4BAD-B981-3C81A0BE75FF}
		{4849B696-D128-4136-B57B-66CB4A27351E} = {663FD430-6066-4BAD-B981-3C81A0BE75FF}
		{5E3CC906-7ABE-470C-B38E-A5107EA4DDE2} = {F866233B-765D-4EFE-A89A-4FE10F97AC04}
		{BACCD068-554D-4CC8-B494-8074205C1A73} = {F866233B-765D-4EFE-A89A-4FE10F97AC04}
		{C3C3E437-1B66-4E26-9286-BAB88832413E} = {193DFAD0-ADB9-458B-84B8-A58A1FAF7CC3}
	EndGlobalSection
	GlobalSection(ExtensibilityGlobals) = postSolution
		SolutionGuid = {DAB82BBE-8FB8-457E-AC1B-37E6ED9D4203}
	EndGlobalSection
EndGlobal
